// !$*UTF8*$!
{
	archiveVersion = 1;
	classes = {
	};
	objectVersion = 56;
	objects = {

/* Begin PBXBuildFile section */
		7F0D875A29706BF400BD2E05 /* SettingsView.swift in Sources */ = {isa = PBXBuildFile; fileRef = 7F0D875929706BF400BD2E05 /* SettingsView.swift */; };
		7F0D875C297070CD00BD2E05 /* FormRowStaticView.swift in Sources */ = {isa = PBXBuildFile; fileRef = 7F0D875B297070CD00BD2E05 /* FormRowStaticView.swift */; };
		7F0D875E2970721700BD2E05 /* FormRowLinkView.swift in Sources */ = {isa = PBXBuildFile; fileRef = 7F0D875D2970721700BD2E05 /* FormRowLinkView.swift */; };
		7F0D8762297095FD00BD2E05 /* ThemeModel.swift in Sources */ = {isa = PBXBuildFile; fileRef = 7F0D8760297095FD00BD2E05 /* ThemeModel.swift */; };
		7F0D8763297095FD00BD2E05 /* ThemeData.swift in Sources */ = {isa = PBXBuildFile; fileRef = 7F0D8761297095FD00BD2E05 /* ThemeData.swift */; };
		7F0D87652970963200BD2E05 /* ThemeSettings.swift in Sources */ = {isa = PBXBuildFile; fileRef = 7F0D87642970963200BD2E05 /* ThemeSettings.swift */; };
		7F97C4302975A9D80062F551 /* PickerContentView.swift in Sources */ = {isa = PBXBuildFile; fileRef = 7F97C42F2975A9D80062F551 /* PickerContentView.swift */; };
		7FAFFF16296E691600FF339C /* TodoAppApp.swift in Sources */ = {isa = PBXBuildFile; fileRef = 7FAFFF15296E691600FF339C /* TodoAppApp.swift */; };
		7FAFFF18296E691600FF339C /* ContentView.swift in Sources */ = {isa = PBXBuildFile; fileRef = 7FAFFF17296E691600FF339C /* ContentView.swift */; };
		7FAFFF1A296E691800FF339C /* Assets.xcassets in Resources */ = {isa = PBXBuildFile; fileRef = 7FAFFF19296E691800FF339C /* Assets.xcassets */; };
		7FAFFF1D296E691800FF339C /* Preview Assets.xcassets in Resources */ = {isa = PBXBuildFile; fileRef = 7FAFFF1C296E691800FF339C /* Preview Assets.xcassets */; };
		7FAFFF1F296E691800FF339C /* Persistence.swift in Sources */ = {isa = PBXBuildFile; fileRef = 7FAFFF1E296E691800FF339C /* Persistence.swift */; };
		7FAFFF22296E691800FF339C /* TodoApp.xcdatamodeld in Sources */ = {isa = PBXBuildFile; fileRef = 7FAFFF20296E691800FF339C /* TodoApp.xcdatamodeld */; };
		7FAFFF2A296E6A5000FF339C /* AddTodoView.swift in Sources */ = {isa = PBXBuildFile; fileRef = 7FAFFF29296E6A5000FF339C /* AddTodoView.swift */; };
		7FE0F419296FA4E90068192A /* EmptyListView.swift in Sources */ = {isa = PBXBuildFile; fileRef = 7FE0F418296FA4E90068192A /* EmptyListView.swift */; };
		7FF2EEC42971B64300DCE925 /* FloatingButtonView.swift in Sources */ = {isa = PBXBuildFile; fileRef = 7FF2EEC32971B64300DCE925 /* FloatingButtonView.swift */; };
		7FF2EEC72971E80600DCE925 /* IconNames.swift in Sources */ = {isa = PBXBuildFile; fileRef = 7FF2EEC62971E80600DCE925 /* IconNames.swift */; };
/* End PBXBuildFile section */

/* Begin PBXFileReference section */
		7F0D875929706BF400BD2E05 /* SettingsView.swift */ = {isa = PBXFileReference; lastKnownFileType = sourcecode.swift; path = SettingsView.swift; sourceTree = "<group>"; };
		7F0D875B297070CD00BD2E05 /* FormRowStaticView.swift */ = {isa = PBXFileReference; lastKnownFileType = sourcecode.swift; path = FormRowStaticView.swift; sourceTree = "<group>"; };
		7F0D875D2970721700BD2E05 /* FormRowLinkView.swift */ = {isa = PBXFileReference; lastKnownFileType = sourcecode.swift; path = FormRowLinkView.swift; sourceTree = "<group>"; };
		7F0D8760297095FD00BD2E05 /* ThemeModel.swift */ = {isa = PBXFileReference; fileEncoding = 4; lastKnownFileType = sourcecode.swift; path = ThemeModel.swift; sourceTree = "<group>"; };
		7F0D8761297095FD00BD2E05 /* ThemeData.swift */ = {isa = PBXFileReference; fileEncoding = 4; lastKnownFileType = sourcecode.swift; path = ThemeData.swift; sourceTree = "<group>"; };
		7F0D87642970963200BD2E05 /* ThemeSettings.swift */ = {isa = PBXFileReference; fileEncoding = 4; lastKnownFileType = sourcecode.swift; path = ThemeSettings.swift; sourceTree = "<group>"; };
		7F97C42F2975A9D80062F551 /* PickerContentView.swift */ = {isa = PBXFileReference; lastKnownFileType = sourcecode.swift; path = PickerContentView.swift; sourceTree = "<group>"; };
		7FAFFF12296E691600FF339C /* TodoApp.app */ = {isa = PBXFileReference; explicitFileType = wrapper.application; includeInIndex = 0; path = TodoApp.app; sourceTree = BUILT_PRODUCTS_DIR; };
		7FAFFF15296E691600FF339C /* TodoAppApp.swift */ = {isa = PBXFileReference; lastKnownFileType = sourcecode.swift; path = TodoAppApp.swift; sourceTree = "<group>"; };
		7FAFFF17296E691600FF339C /* ContentView.swift */ = {isa = PBXFileReference; lastKnownFileType = sourcecode.swift; path = ContentView.swift; sourceTree = "<group>"; };
		7FAFFF19296E691800FF339C /* Assets.xcassets */ = {isa = PBXFileReference; lastKnownFileType = folder.assetcatalog; path = Assets.xcassets; sourceTree = "<group>"; };
		7FAFFF1C296E691800FF339C /* Preview Assets.xcassets */ = {isa = PBXFileReference; lastKnownFileType = folder.assetcatalog; path = "Preview Assets.xcassets"; sourceTree = "<group>"; };
		7FAFFF1E296E691800FF339C /* Persistence.swift */ = {isa = PBXFileReference; lastKnownFileType = sourcecode.swift; path = Persistence.swift; sourceTree = "<group>"; };
		7FAFFF21296E691800FF339C /* TodoApp.xcdatamodel */ = {isa = PBXFileReference; lastKnownFileType = wrapper.xcdatamodel; path = TodoApp.xcdatamodel; sourceTree = "<group>"; };
		7FAFFF29296E6A5000FF339C /* AddTodoView.swift */ = {isa = PBXFileReference; lastKnownFileType = sourcecode.swift; path = AddTodoView.swift; sourceTree = "<group>"; };
		7FE0F417296FA3810068192A /* Info.plist */ = {isa = PBXFileReference; lastKnownFileType = text.plist; path = Info.plist; sourceTree = "<group>"; };
		7FE0F418296FA4E90068192A /* EmptyListView.swift */ = {isa = PBXFileReference; lastKnownFileType = sourcecode.swift; path = EmptyListView.swift; sourceTree = "<group>"; };
		7FF2EEC32971B64300DCE925 /* FloatingButtonView.swift */ = {isa = PBXFileReference; lastKnownFileType = sourcecode.swift; path = FloatingButtonView.swift; sourceTree = "<group>"; };
		7FF2EEC62971E80600DCE925 /* IconNames.swift */ = {isa = PBXFileReference; lastKnownFileType = sourcecode.swift; path = IconNames.swift; sourceTree = "<group>"; };
/* End PBXFileReference section */

/* Begin PBXFrameworksBuildPhase section */
		7FAFFF0F296E691600FF339C /* Frameworks */ = {
			isa = PBXFrameworksBuildPhase;
			buildActionMask = 2147483647;
			files = (
			);
			runOnlyForDeploymentPostprocessing = 0;
		};
/* End PBXFrameworksBuildPhase section */

/* Begin PBXGroup section */
		7F0D875F297095F300BD2E05 /* Theme */ = {
			isa = PBXGroup;
			children = (
				7F0D87642970963200BD2E05 /* ThemeSettings.swift */,
				7F0D8761297095FD00BD2E05 /* ThemeData.swift */,
				7F0D8760297095FD00BD2E05 /* ThemeModel.swift */,
			);
			path = Theme;
			sourceTree = "<group>";
		};
		7FAFFF09296E691600FF339C = {
			isa = PBXGroup;
			children = (
				7FAFFF14296E691600FF339C /* TodoApp */,
				7FAFFF13296E691600FF339C /* Products */,
			);
			sourceTree = "<group>";
		};
		7FAFFF13296E691600FF339C /* Products */ = {
			isa = PBXGroup;
			children = (
				7FAFFF12296E691600FF339C /* TodoApp.app */,
			);
			name = Products;
			sourceTree = "<group>";
		};
		7FAFFF14296E691600FF339C /* TodoApp */ = {
			isa = PBXGroup;
			children = (
				7FF2EEC52971E7F600DCE925 /* Helpers */,
				7F0D875F297095F300BD2E05 /* Theme */,
				7FE0F417296FA3810068192A /* Info.plist */,
				7FAFFF15296E691600FF339C /* TodoAppApp.swift */,
				7FAFFF28296E6A3300FF339C /* View */,
				7FAFFF19296E691800FF339C /* Assets.xcassets */,
				7FAFFF1E296E691800FF339C /* Persistence.swift */,
				7FAFFF20296E691800FF339C /* TodoApp.xcdatamodeld */,
				7FAFFF1B296E691800FF339C /* Preview Content */,
			);
			path = TodoApp;
			sourceTree = "<group>";
		};
		7FAFFF1B296E691800FF339C /* Preview Content */ = {
			isa = PBXGroup;
			children = (
				7FAFFF1C296E691800FF339C /* Preview Assets.xcassets */,
			);
			path = "Preview Content";
			sourceTree = "<group>";
		};
		7FAFFF28296E6A3300FF339C /* View */ = {
			isa = PBXGroup;
			children = (
				7FAFFF17296E691600FF339C /* ContentView.swift */,
				7FAFFF29296E6A5000FF339C /* AddTodoView.swift */,
				7FE0F418296FA4E90068192A /* EmptyListView.swift */,
				7F0D875929706BF400BD2E05 /* SettingsView.swift */,
				7F0D875B297070CD00BD2E05 /* FormRowStaticView.swift */,
				7F0D875D2970721700BD2E05 /* FormRowLinkView.swift */,
				7FF2EEC32971B64300DCE925 /* FloatingButtonView.swift */,
				7F97C42F2975A9D80062F551 /* PickerContentView.swift */,
			);
			path = View;
			sourceTree = "<group>";
		};
		7FF2EEC52971E7F600DCE925 /* Helpers */ = {
			isa = PBXGroup;
			children = (
				7FF2EEC62971E80600DCE925 /* IconNames.swift */,
			);
			path = Helpers;
			sourceTree = "<group>";
		};
/* End PBXGroup section */

/* Begin PBXNativeTarget section */
		7FAFFF11296E691600FF339C /* TodoApp */ = {
			isa = PBXNativeTarget;
			buildConfigurationList = 7FAFFF25296E691800FF339C /* Build configuration list for PBXNativeTarget "TodoApp" */;
			buildPhases = (
				7FAFFF0E296E691600FF339C /* Sources */,
				7FAFFF0F296E691600FF339C /* Frameworks */,
				7FAFFF10296E691600FF339C /* Resources */,
			);
			buildRules = (
			);
			dependencies = (
			);
			name = TodoApp;
			productName = TodoApp;
			productReference = 7FAFFF12296E691600FF339C /* TodoApp.app */;
			productType = "com.apple.product-type.application";
		};
/* End PBXNativeTarget section */

/* Begin PBXProject section */
		7FAFFF0A296E691600FF339C /* Project object */ = {
			isa = PBXProject;
			attributes = {
				BuildIndependentTargetsInParallel = 1;
				LastSwiftUpdateCheck = 1420;
				LastUpgradeCheck = 1420;
				TargetAttributes = {
					7FAFFF11296E691600FF339C = {
						CreatedOnToolsVersion = 14.2;
					};
				};
			};
			buildConfigurationList = 7FAFFF0D296E691600FF339C /* Build configuration list for PBXProject "TodoApp" */;
			compatibilityVersion = "Xcode 14.0";
			developmentRegion = en;
			hasScannedForEncodings = 0;
			knownRegions = (
				en,
				Base,
			);
			mainGroup = 7FAFFF09296E691600FF339C;
			productRefGroup = 7FAFFF13296E691600FF339C /* Products */;
			projectDirPath = "";
			projectRoot = "";
			targets = (
				7FAFFF11296E691600FF339C /* TodoApp */,
			);
		};
/* End PBXProject section */

/* Begin PBXResourcesBuildPhase section */
		7FAFFF10296E691600FF339C /* Resources */ = {
			isa = PBXResourcesBuildPhase;
			buildActionMask = 2147483647;
			files = (
				7FAFFF1D296E691800FF339C /* Preview Assets.xcassets in Resources */,
				7FAFFF1A296E691800FF339C /* Assets.xcassets in Resources */,
			);
			runOnlyForDeploymentPostprocessing = 0;
		};
/* End PBXResourcesBuildPhase section */

/* Begin PBXSourcesBuildPhase section */
		7FAFFF0E296E691600FF339C /* Sources */ = {
			isa = PBXSourcesBuildPhase;
			buildActionMask = 2147483647;
			files = (
				7F0D875A29706BF400BD2E05 /* SettingsView.swift in Sources */,
				7F0D875C297070CD00BD2E05 /* FormRowStaticView.swift in Sources */,
				7F0D875E2970721700BD2E05 /* FormRowLinkView.swift in Sources */,
				7F0D8763297095FD00BD2E05 /* ThemeData.swift in Sources */,
				7FAFFF1F296E691800FF339C /* Persistence.swift in Sources */,
				7FF2EEC72971E80600DCE925 /* IconNames.swift in Sources */,
				7FAFFF18296E691600FF339C /* ContentView.swift in Sources */,
				7F0D87652970963200BD2E05 /* ThemeSettings.swift in Sources */,
				7FE0F419296FA4E90068192A /* EmptyListView.swift in Sources */,
				7FAFFF16296E691600FF339C /* TodoAppApp.swift in Sources */,
				7F0D8762297095FD00BD2E05 /* ThemeModel.swift in Sources */,
				7F97C4302975A9D80062F551 /* PickerContentView.swift in Sources */,
				7FAFFF22296E691800FF339C /* TodoApp.xcdatamodeld in Sources */,
				7FF2EEC42971B64300DCE925 /* FloatingButtonView.swift in Sources */,
				7FAFFF2A296E6A5000FF339C /* AddTodoView.swift in Sources */,
			);
			runOnlyForDeploymentPostprocessing = 0;
		};
/* End PBXSourcesBuildPhase section */

/* Begin XCBuildConfiguration section */
		7FAFFF23296E691800FF339C /* Debug */ = {
			isa = XCBuildConfiguration;
			buildSettings = {
				ALWAYS_SEARCH_USER_PATHS = NO;
				CLANG_ANALYZER_NONNULL = YES;
				CLANG_ANALYZER_NUMBER_OBJECT_CONVERSION = YES_AGGRESSIVE;
				CLANG_CXX_LANGUAGE_STANDARD = "gnu++20";
				CLANG_ENABLE_MODULES = YES;
				CLANG_ENABLE_OBJC_ARC = YES;
				CLANG_ENABLE_OBJC_WEAK = YES;
				CLANG_WARN_BLOCK_CAPTURE_AUTORELEASING = YES;
				CLANG_WARN_BOOL_CONVERSION = YES;
				CLANG_WARN_COMMA = YES;
				CLANG_WARN_CONSTANT_CONVERSION = YES;
				CLANG_WARN_DEPRECATED_OBJC_IMPLEMENTATIONS = YES;
				CLANG_WARN_DIRECT_OBJC_ISA_USAGE = YES_ERROR;
				CLANG_WARN_DOCUMENTATION_COMMENTS = YES;
				CLANG_WARN_EMPTY_BODY = YES;
				CLANG_WARN_ENUM_CONVERSION = YES;
				CLANG_WARN_INFINITE_RECURSION = YES;
				CLANG_WARN_INT_CONVERSION = YES;
				CLANG_WARN_NON_LITERAL_NULL_CONVERSION = YES;
				CLANG_WARN_OBJC_IMPLICIT_RETAIN_SELF = YES;
				CLANG_WARN_OBJC_LITERAL_CONVERSION = YES;
				CLANG_WARN_OBJC_ROOT_CLASS = YES_ERROR;
				CLANG_WARN_QUOTED_INCLUDE_IN_FRAMEWORK_HEADER = YES;
				CLANG_WARN_RANGE_LOOP_ANALYSIS = YES;
				CLANG_WARN_STRICT_PROTOTYPES = YES;
				CLANG_WARN_SUSPICIOUS_MOVE = YES;
				CLANG_WARN_UNGUARDED_AVAILABILITY = YES_AGGRESSIVE;
				CLANG_WARN_UNREACHABLE_CODE = YES;
				CLANG_WARN__DUPLICATE_METHOD_MATCH = YES;
				COPY_PHASE_STRIP = NO;
				DEBUG_INFORMATION_FORMAT = dwarf;
				ENABLE_STRICT_OBJC_MSGSEND = YES;
				ENABLE_TESTABILITY = YES;
				GCC_C_LANGUAGE_STANDARD = gnu11;
				GCC_DYNAMIC_NO_PIC = NO;
				GCC_NO_COMMON_BLOCKS = YES;
				GCC_OPTIMIZATION_LEVEL = 0;
				GCC_PREPROCESSOR_DEFINITIONS = (
					"DEBUG=1",
					"$(inherited)",
				);
				GCC_WARN_64_TO_32_BIT_CONVERSION = YES;
				GCC_WARN_ABOUT_RETURN_TYPE = YES_ERROR;
				GCC_WARN_UNDECLARED_SELECTOR = YES;
				GCC_WARN_UNINITIALIZED_AUTOS = YES_AGGRESSIVE;
				GCC_WARN_UNUSED_FUNCTION = YES;
				GCC_WARN_UNUSED_VARIABLE = YES;
				IPHONEOS_DEPLOYMENT_TARGET = 16.2;
				MTL_ENABLE_DEBUG_INFO = INCLUDE_SOURCE;
				MTL_FAST_MATH = YES;
				ONLY_ACTIVE_ARCH = YES;
				SDKROOT = iphoneos;
				SWIFT_ACTIVE_COMPILATION_CONDITIONS = DEBUG;
				SWIFT_OPTIMIZATION_LEVEL = "-Onone";
			};
			name = Debug;
		};
		7FAFFF24296E691800FF339C /* Release */ = {
			isa = XCBuildConfiguration;
			buildSettings = {
				ALWAYS_SEARCH_USER_PATHS = NO;
				CLANG_ANALYZER_NONNULL = YES;
				CLANG_ANALYZER_NUMBER_OBJECT_CONVERSION = YES_AGGRESSIVE;
				CLANG_CXX_LANGUAGE_STANDARD = "gnu++20";
				CLANG_ENABLE_MODULES = YES;
				CLANG_ENABLE_OBJC_ARC = YES;
				CLANG_ENABLE_OBJC_WEAK = YES;
				CLANG_WARN_BLOCK_CAPTURE_AUTORELEASING = YES;
				CLANG_WARN_BOOL_CONVERSION = YES;
				CLANG_WARN_COMMA = YES;
				CLANG_WARN_CONSTANT_CONVERSION = YES;
				CLANG_WARN_DEPRECATED_OBJC_IMPLEMENTATIONS = YES;
				CLANG_WARN_DIRECT_OBJC_ISA_USAGE = YES_ERROR;
				CLANG_WARN_DOCUMENTATION_COMMENTS = YES;
				CLANG_WARN_EMPTY_BODY = YES;
				CLANG_WARN_ENUM_CONVERSION = YES;
				CLANG_WARN_INFINITE_RECURSION = YES;
				CLANG_WARN_INT_CONVERSION = YES;
				CLANG_WARN_NON_LITERAL_NULL_CONVERSION = YES;
				CLANG_WARN_OBJC_IMPLICIT_RETAIN_SELF = YES;
				CLANG_WARN_OBJC_LITERAL_CONVERSION = YES;
				CLANG_WARN_OBJC_ROOT_CLASS = YES_ERROR;
				CLANG_WARN_QUOTED_INCLUDE_IN_FRAMEWORK_HEADER = YES;
				CLANG_WARN_RANGE_LOOP_ANALYSIS = YES;
				CLANG_WARN_STRICT_PROTOTYPES = YES;
				CLANG_WARN_SUSPICIOUS_MOVE = YES;
				CLANG_WARN_UNGUARDED_AVAILABILITY = YES_AGGRESSIVE;
				CLANG_WARN_UNREACHABLE_CODE = YES;
				CLANG_WARN__DUPLICATE_METHOD_MATCH = YES;
				COPY_PHASE_STRIP = NO;
				DEBUG_INFORMATION_FORMAT = "dwarf-with-dsym";
				ENABLE_NS_ASSERTIONS = NO;
				ENABLE_STRICT_OBJC_MSGSEND = YES;
				GCC_C_LANGUAGE_STANDARD = gnu11;
				GCC_NO_COMMON_BLOCKS = YES;
				GCC_WARN_64_TO_32_BIT_CONVERSION = YES;
				GCC_WARN_ABOUT_RETURN_TYPE = YES_ERROR;
				GCC_WARN_UNDECLARED_SELECTOR = YES;
				GCC_WARN_UNINITIALIZED_AUTOS = YES_AGGRESSIVE;
				GCC_WARN_UNUSED_FUNCTION = YES;
				GCC_WARN_UNUSED_VARIABLE = YES;
				IPHONEOS_DEPLOYMENT_TARGET = 16.2;
				MTL_ENABLE_DEBUG_INFO = NO;
				MTL_FAST_MATH = YES;
				SDKROOT = iphoneos;
				SWIFT_COMPILATION_MODE = wholemodule;
				SWIFT_OPTIMIZATION_LEVEL = "-O";
				VALIDATE_PRODUCT = YES;
			};
			name = Release;
		};
		7FAFFF26296E691800FF339C /* Debug */ = {
			isa = XCBuildConfiguration;
			buildSettings = {
				ASSETCATALOG_COMPILER_APPICON_NAME = AppIcon;
				ASSETCATALOG_COMPILER_GLOBAL_ACCENT_COLOR_NAME = AccentColor;
				CODE_SIGN_STYLE = Automatic;
				CURRENT_PROJECT_VERSION = 1;
				DEVELOPMENT_ASSET_PATHS = "\"TodoApp/Preview Content\"";
				DEVELOPMENT_TEAM = S835D7TLF4;
				ENABLE_PREVIEWS = YES;
				GENERATE_INFOPLIST_FILE = YES;
				INFOPLIST_FILE = TodoApp/Info.plist;
				INFOPLIST_KEY_LSApplicationCategoryType = "";
				INFOPLIST_KEY_UIApplicationSceneManifest_Generation = YES;
				INFOPLIST_KEY_UIApplicationSupportsIndirectInputEvents = YES;
				INFOPLIST_KEY_UISupportedInterfaceOrientations = UIInterfaceOrientationPortrait;
				INFOPLIST_KEY_UISupportedInterfaceOrientations_iPad = "UIInterfaceOrientationLandscapeLeft UIInterfaceOrientationLandscapeRight UIInterfaceOrientationPortrait";
				LD_RUNPATH_SEARCH_PATHS = (
					"$(inherited)",
					"@executable_path/Frameworks",
				);
				MARKETING_VERSION = 1.0;
				PRODUCT_BUNDLE_IDENTIFIER = azurduy.com.TodoApp;
				PRODUCT_NAME = "$(TARGET_NAME)";
				SWIFT_EMIT_LOC_STRINGS = YES;
				SWIFT_VERSION = 5.0;
				TARGETED_DEVICE_FAMILY = "1,2";
			};
			name = Debug;
		};
		7FAFFF27296E691800FF339C /* Release */ = {
			isa = XCBuildConfiguration;
			buildSettings = {
				ASSETCATALOG_COMPILER_APPICON_NAME = AppIcon;
				ASSETCATALOG_COMPILER_GLOBAL_ACCENT_COLOR_NAME = AccentColor;
				CODE_SIGN_STYLE = Automatic;
				CURRENT_PROJECT_VERSION = 1;
				DEVELOPMENT_ASSET_PATHS = "\"TodoApp/Preview Content\"";
				DEVELOPMENT_TEAM = S835D7TLF4;
				ENABLE_PREVIEWS = YES;
				GENERATE_INFOPLIST_FILE = YES;
				INFOPLIST_FILE = TodoApp/Info.plist;
				INFOPLIST_KEY_LSApplicationCategoryType = "";
				INFOPLIST_KEY_UIApplicationSceneManifest_Generation = YES;
				INFOPLIST_KEY_UIApplicationSupportsIndirectInputEvents = YES;
				INFOPLIST_KEY_UISupportedInterfaceOrientations = UIInterfaceOrientationPortrait;
				INFOPLIST_KEY_UISupportedInterfaceOrientations_iPad = "UIInterfaceOrientationLandscapeLeft UIInterfaceOrientationLandscapeRight UIInterfaceOrientationPortrait";
				LD_RUNPATH_SEARCH_PATHS = (
					"$(inherited)",
					"@executable_path/Frameworks",
				);
				MARKETING_VERSION = 1.0;
				PRODUCT_BUNDLE_IDENTIFIER = azurduy.com.TodoApp;
				PRODUCT_NAME = "$(TARGET_NAME)";
				SWIFT_EMIT_LOC_STRINGS = YES;
				SWIFT_VERSION = 5.0;
				TARGETED_DEVICE_FAMILY = "1,2";
			};
			name = Release;
		};
/* End XCBuildConfiguration section */

/* Begin XCConfigurationList section */
		7FAFFF0D296E691600FF339C /* Build configuration list for PBXProject "TodoApp" */ = {
			isa = XCConfigurationList;
			buildConfigurations = (
				7FAFFF23296E691800FF339C /* Debug */,
				7FAFFF24296E691800FF339C /* Release */,
			);
			defaultConfigurationIsVisible = 0;
			defaultConfigurationName = Release;
		};
		7FAFFF25296E691800FF339C /* Build configuration list for PBXNativeTarget "TodoApp" */ = {
			isa = XCConfigurationList;
			buildConfigurations = (
				7FAFFF26296E691800FF339C /* Debug */,
				7FAFFF27296E691800FF339C /* Release */,
			);
			defaultConfigurationIsVisible = 0;
			defaultConfigurationName = Release;
		};
/* End XCConfigurationList section */

/* Begin XCVersionGroup section */
		7FAFFF20296E691800FF339C /* TodoApp.xcdatamodeld */ = {
			isa = XCVersionGroup;
			children = (
				7FAFFF21296E691800FF339C /* TodoApp.xcdatamodel */,
			);
			currentVersion = 7FAFFF21296E691800FF339C /* TodoApp.xcdatamodel */;
			path = TodoApp.xcdatamodeld;
			sourceTree = "<group>";
			versionGroupType = wrapper.xcdatamodel;
		};
/* End XCVersionGroup section */
	};
	rootObject = 7FAFFF0A296E691600FF339C /* Project object */;
}
