// !$*UTF8*$!
{
	archiveVersion = 1;
	classes = {
	};
	objectVersion = 56;
	objects = {

/* Begin PBXBuildFile section */
		7F10847F29379D9C0019DE53 /* AvocadosApp.swift in Sources */ = {isa = PBXBuildFile; fileRef = 7F10847E29379D9C0019DE53 /* AvocadosApp.swift */; };
		7F10848129379D9C0019DE53 /* ContentView.swift in Sources */ = {isa = PBXBuildFile; fileRef = 7F10848029379D9C0019DE53 /* ContentView.swift */; };
		7F10848329379D9D0019DE53 /* Assets.xcassets in Resources */ = {isa = PBXBuildFile; fileRef = 7F10848229379D9D0019DE53 /* Assets.xcassets */; };
		7F10848629379D9D0019DE53 /* Preview Assets.xcassets in Resources */ = {isa = PBXBuildFile; fileRef = 7F10848529379D9D0019DE53 /* Preview Assets.xcassets */; };
		7F10848D2937A9AA0019DE53 /* LaunchScreen.swift in Sources */ = {isa = PBXBuildFile; fileRef = 7F10848C2937A9AA0019DE53 /* LaunchScreen.swift */; };
		7F1084942937BA0D0019DE53 /* AvocadosView.swift in Sources */ = {isa = PBXBuildFile; fileRef = 7F1084932937BA0D0019DE53 /* AvocadosView.swift */; };
		7F1084962937BA1E0019DE53 /* RipeningStagesView.swift in Sources */ = {isa = PBXBuildFile; fileRef = 7F1084952937BA1E0019DE53 /* RipeningStagesView.swift */; };
		7F1084982937BA740019DE53 /* SettingsView.swift in Sources */ = {isa = PBXBuildFile; fileRef = 7F1084972937BA740019DE53 /* SettingsView.swift */; };
		7F10849A2937BA840019DE53 /* AppView.swift in Sources */ = {isa = PBXBuildFile; fileRef = 7F1084992937BA840019DE53 /* AppView.swift */; };
		7F3A8D29293BFC9800979C4C /* HeaderView.swift in Sources */ = {isa = PBXBuildFile; fileRef = 7F3A8D28293BFC9800979C4C /* HeaderView.swift */; };
		7F3A8D2E293C233800979C4C /* HeaderModel.swift in Sources */ = {isa = PBXBuildFile; fileRef = 7F3A8D2A293C233700979C4C /* HeaderModel.swift */; };
		7F3A8D2F293C233800979C4C /* RecipeModel.swift in Sources */ = {isa = PBXBuildFile; fileRef = 7F3A8D2B293C233700979C4C /* RecipeModel.swift */; };
		7F3A8D30293C233800979C4C /* RipeningModel.swift in Sources */ = {isa = PBXBuildFile; fileRef = 7F3A8D2C293C233700979C4C /* RipeningModel.swift */; };
		7F3A8D31293C233800979C4C /* FactModel.swift in Sources */ = {isa = PBXBuildFile; fileRef = 7F3A8D2D293C233800979C4C /* FactModel.swift */; };
		7F3A8D36293C235500979C4C /* RecipeData.swift in Sources */ = {isa = PBXBuildFile; fileRef = 7F3A8D32293C235400979C4C /* RecipeData.swift */; };
		7F3A8D37293C235500979C4C /* HeaderData.swift in Sources */ = {isa = PBXBuildFile; fileRef = 7F3A8D33293C235500979C4C /* HeaderData.swift */; };
		7F3A8D38293C235500979C4C /* FactData.swift in Sources */ = {isa = PBXBuildFile; fileRef = 7F3A8D34293C235500979C4C /* FactData.swift */; };
		7F3A8D39293C235500979C4C /* RipeningData.swift in Sources */ = {isa = PBXBuildFile; fileRef = 7F3A8D35293C235500979C4C /* RipeningData.swift */; };
		7F60E41F294248F10078299C /* RippeningView.swift in Sources */ = {isa = PBXBuildFile; fileRef = 7F60E41E294248F10078299C /* RippeningView.swift */; };
		7F79480E293E8A7400CFA361 /* DishesView.swift in Sources */ = {isa = PBXBuildFile; fileRef = 7F79480D293E8A7400CFA361 /* DishesView.swift */; };
		7F794810293EA69500CFA361 /* FactsView.swift in Sources */ = {isa = PBXBuildFile; fileRef = 7F79480F293EA69500CFA361 /* FactsView.swift */; };
		7F794812293EB4B900CFA361 /* RecipeCardView.swift in Sources */ = {isa = PBXBuildFile; fileRef = 7F794811293EB4B900CFA361 /* RecipeCardView.swift */; };
		7F794814293EEC2100CFA361 /* RecipientRatingView.swift in Sources */ = {isa = PBXBuildFile; fileRef = 7F794813293EEC2100CFA361 /* RecipientRatingView.swift */; };
		7F794816293EEDA700CFA361 /* RecipieCookingView.swift in Sources */ = {isa = PBXBuildFile; fileRef = 7F794815293EEDA700CFA361 /* RecipieCookingView.swift */; };
		7F794818293EEE5100CFA361 /* RecipeDetailView.swift in Sources */ = {isa = PBXBuildFile; fileRef = 7F794817293EEE5100CFA361 /* RecipeDetailView.swift */; };
/* End PBXBuildFile section */

/* Begin PBXFileReference section */
		7F10847B29379D9C0019DE53 /* Avocados.app */ = {isa = PBXFileReference; explicitFileType = wrapper.application; includeInIndex = 0; path = Avocados.app; sourceTree = BUILT_PRODUCTS_DIR; };
		7F10847E29379D9C0019DE53 /* AvocadosApp.swift */ = {isa = PBXFileReference; lastKnownFileType = sourcecode.swift; path = AvocadosApp.swift; sourceTree = "<group>"; };
		7F10848029379D9C0019DE53 /* ContentView.swift */ = {isa = PBXFileReference; lastKnownFileType = sourcecode.swift; path = ContentView.swift; sourceTree = "<group>"; };
		7F10848229379D9D0019DE53 /* Assets.xcassets */ = {isa = PBXFileReference; lastKnownFileType = folder.assetcatalog; path = Assets.xcassets; sourceTree = "<group>"; };
		7F10848529379D9D0019DE53 /* Preview Assets.xcassets */ = {isa = PBXFileReference; lastKnownFileType = folder.assetcatalog; path = "Preview Assets.xcassets"; sourceTree = "<group>"; };
		7F10848C2937A9AA0019DE53 /* LaunchScreen.swift */ = {isa = PBXFileReference; lastKnownFileType = sourcecode.swift; path = LaunchScreen.swift; sourceTree = "<group>"; };
		7F1084932937BA0D0019DE53 /* AvocadosView.swift */ = {isa = PBXFileReference; lastKnownFileType = sourcecode.swift; path = AvocadosView.swift; sourceTree = "<group>"; };
		7F1084952937BA1E0019DE53 /* RipeningStagesView.swift */ = {isa = PBXFileReference; lastKnownFileType = sourcecode.swift; path = RipeningStagesView.swift; sourceTree = "<group>"; };
		7F1084972937BA740019DE53 /* SettingsView.swift */ = {isa = PBXFileReference; lastKnownFileType = sourcecode.swift; path = SettingsView.swift; sourceTree = "<group>"; };
		7F1084992937BA840019DE53 /* AppView.swift */ = {isa = PBXFileReference; lastKnownFileType = sourcecode.swift; path = AppView.swift; sourceTree = "<group>"; };
		7F3A8D28293BFC9800979C4C /* HeaderView.swift */ = {isa = PBXFileReference; lastKnownFileType = sourcecode.swift; path = HeaderView.swift; sourceTree = "<group>"; };
		7F3A8D2A293C233700979C4C /* HeaderModel.swift */ = {isa = PBXFileReference; fileEncoding = 4; lastKnownFileType = sourcecode.swift; path = HeaderModel.swift; sourceTree = "<group>"; };
		7F3A8D2B293C233700979C4C /* RecipeModel.swift */ = {isa = PBXFileReference; fileEncoding = 4; lastKnownFileType = sourcecode.swift; path = RecipeModel.swift; sourceTree = "<group>"; };
		7F3A8D2C293C233700979C4C /* RipeningModel.swift */ = {isa = PBXFileReference; fileEncoding = 4; lastKnownFileType = sourcecode.swift; path = RipeningModel.swift; sourceTree = "<group>"; };
		7F3A8D2D293C233800979C4C /* FactModel.swift */ = {isa = PBXFileReference; fileEncoding = 4; lastKnownFileType = sourcecode.swift; path = FactModel.swift; sourceTree = "<group>"; };
		7F3A8D32293C235400979C4C /* RecipeData.swift */ = {isa = PBXFileReference; fileEncoding = 4; lastKnownFileType = sourcecode.swift; path = RecipeData.swift; sourceTree = "<group>"; };
		7F3A8D33293C235500979C4C /* HeaderData.swift */ = {isa = PBXFileReference; fileEncoding = 4; lastKnownFileType = sourcecode.swift; path = HeaderData.swift; sourceTree = "<group>"; };
		7F3A8D34293C235500979C4C /* FactData.swift */ = {isa = PBXFileReference; fileEncoding = 4; lastKnownFileType = sourcecode.swift; path = FactData.swift; sourceTree = "<group>"; };
		7F3A8D35293C235500979C4C /* RipeningData.swift */ = {isa = PBXFileReference; fileEncoding = 4; lastKnownFileType = sourcecode.swift; path = RipeningData.swift; sourceTree = "<group>"; };
		7F60E41E294248F10078299C /* RippeningView.swift */ = {isa = PBXFileReference; lastKnownFileType = sourcecode.swift; path = RippeningView.swift; sourceTree = "<group>"; };
		7F79480D293E8A7400CFA361 /* DishesView.swift */ = {isa = PBXFileReference; lastKnownFileType = sourcecode.swift; path = DishesView.swift; sourceTree = "<group>"; };
		7F79480F293EA69500CFA361 /* FactsView.swift */ = {isa = PBXFileReference; lastKnownFileType = sourcecode.swift; path = FactsView.swift; sourceTree = "<group>"; };
		7F794811293EB4B900CFA361 /* RecipeCardView.swift */ = {isa = PBXFileReference; lastKnownFileType = sourcecode.swift; path = RecipeCardView.swift; sourceTree = "<group>"; };
		7F794813293EEC2100CFA361 /* RecipientRatingView.swift */ = {isa = PBXFileReference; lastKnownFileType = sourcecode.swift; path = RecipientRatingView.swift; sourceTree = "<group>"; };
		7F794815293EEDA700CFA361 /* RecipieCookingView.swift */ = {isa = PBXFileReference; lastKnownFileType = sourcecode.swift; path = RecipieCookingView.swift; sourceTree = "<group>"; };
		7F794817293EEE5100CFA361 /* RecipeDetailView.swift */ = {isa = PBXFileReference; lastKnownFileType = sourcecode.swift; path = RecipeDetailView.swift; sourceTree = "<group>"; };
/* End PBXFileReference section */

/* Begin PBXFrameworksBuildPhase section */
		7F10847829379D9C0019DE53 /* Frameworks */ = {
			isa = PBXFrameworksBuildPhase;
			buildActionMask = 2147483647;
			files = (
			);
			runOnlyForDeploymentPostprocessing = 0;
		};
/* End PBXFrameworksBuildPhase section */

/* Begin PBXGroup section */
		7F10847229379D9C0019DE53 = {
			isa = PBXGroup;
			children = (
				7F10847D29379D9C0019DE53 /* Avocados */,
				7F10847C29379D9C0019DE53 /* Products */,
			);
			sourceTree = "<group>";
		};
		7F10847C29379D9C0019DE53 /* Products */ = {
			isa = PBXGroup;
			children = (
				7F10847B29379D9C0019DE53 /* Avocados.app */,
			);
			name = Products;
			sourceTree = "<group>";
		};
		7F10847D29379D9C0019DE53 /* Avocados */ = {
			isa = PBXGroup;
			children = (
				7F10847E29379D9C0019DE53 /* AvocadosApp.swift */,
				7F1084922937B9E00019DE53 /* Data */,
				7F1084912937B9DB0019DE53 /* Model */,
				7F1084902937B9D60019DE53 /* View */,
				7F10848229379D9D0019DE53 /* Assets.xcassets */,
				7F10848429379D9D0019DE53 /* Preview Content */,
				7F10848C2937A9AA0019DE53 /* LaunchScreen.swift */,
			);
			path = Avocados;
			sourceTree = "<group>";
		};
		7F10848429379D9D0019DE53 /* Preview Content */ = {
			isa = PBXGroup;
			children = (
				7F10848529379D9D0019DE53 /* Preview Assets.xcassets */,
			);
			path = "Preview Content";
			sourceTree = "<group>";
		};
		7F1084902937B9D60019DE53 /* View */ = {
			isa = PBXGroup;
			children = (
				7F10848029379D9C0019DE53 /* ContentView.swift */,
				7F1084932937BA0D0019DE53 /* AvocadosView.swift */,
				7F1084952937BA1E0019DE53 /* RipeningStagesView.swift */,
				7F1084972937BA740019DE53 /* SettingsView.swift */,
				7F1084992937BA840019DE53 /* AppView.swift */,
				7F3A8D28293BFC9800979C4C /* HeaderView.swift */,
				7F79480D293E8A7400CFA361 /* DishesView.swift */,
				7F79480F293EA69500CFA361 /* FactsView.swift */,
				7F794811293EB4B900CFA361 /* RecipeCardView.swift */,
				7F794813293EEC2100CFA361 /* RecipientRatingView.swift */,
				7F794815293EEDA700CFA361 /* RecipieCookingView.swift */,
				7F794817293EEE5100CFA361 /* RecipeDetailView.swift */,
				7F60E41E294248F10078299C /* RippeningView.swift */,
			);
			path = View;
			sourceTree = "<group>";
		};
		7F1084912937B9DB0019DE53 /* Model */ = {
			isa = PBXGroup;
			children = (
				7F3A8D2D293C233800979C4C /* FactModel.swift */,
				7F3A8D2A293C233700979C4C /* HeaderModel.swift */,
				7F3A8D2B293C233700979C4C /* RecipeModel.swift */,
				7F3A8D2C293C233700979C4C /* RipeningModel.swift */,
			);
			path = Model;
			sourceTree = "<group>";
		};
		7F1084922937B9E00019DE53 /* Data */ = {
			isa = PBXGroup;
			children = (
				7F3A8D34293C235500979C4C /* FactData.swift */,
				7F3A8D33293C235500979C4C /* HeaderData.swift */,
				7F3A8D32293C235400979C4C /* RecipeData.swift */,
				7F3A8D35293C235500979C4C /* RipeningData.swift */,
			);
			path = Data;
			sourceTree = "<group>";
		};
/* End PBXGroup section */

/* Begin PBXNativeTarget section */
		7F10847A29379D9C0019DE53 /* Avocados */ = {
			isa = PBXNativeTarget;
			buildConfigurationList = 7F10848929379D9D0019DE53 /* Build configuration list for PBXNativeTarget "Avocados" */;
			buildPhases = (
				7F10847729379D9C0019DE53 /* Sources */,
				7F10847829379D9C0019DE53 /* Frameworks */,
				7F10847929379D9C0019DE53 /* Resources */,
			);
			buildRules = (
			);
			dependencies = (
			);
			name = Avocados;
			productName = Avocados;
			productReference = 7F10847B29379D9C0019DE53 /* Avocados.app */;
			productType = "com.apple.product-type.application";
		};
/* End PBXNativeTarget section */

/* Begin PBXProject section */
		7F10847329379D9C0019DE53 /* Project object */ = {
			isa = PBXProject;
			attributes = {
				BuildIndependentTargetsInParallel = 1;
				LastSwiftUpdateCheck = 1410;
				LastUpgradeCheck = 1410;
				TargetAttributes = {
					7F10847A29379D9C0019DE53 = {
						CreatedOnToolsVersion = 14.1;
					};
				};
			};
			buildConfigurationList = 7F10847629379D9C0019DE53 /* Build configuration list for PBXProject "Avocados" */;
			compatibilityVersion = "Xcode 14.0";
			developmentRegion = en;
			hasScannedForEncodings = 0;
			knownRegions = (
				en,
				Base,
			);
			mainGroup = 7F10847229379D9C0019DE53;
			productRefGroup = 7F10847C29379D9C0019DE53 /* Products */;
			projectDirPath = "";
			projectRoot = "";
			targets = (
				7F10847A29379D9C0019DE53 /* Avocados */,
			);
		};
/* End PBXProject section */

/* Begin PBXResourcesBuildPhase section */
		7F10847929379D9C0019DE53 /* Resources */ = {
			isa = PBXResourcesBuildPhase;
			buildActionMask = 2147483647;
			files = (
				7F10848629379D9D0019DE53 /* Preview Assets.xcassets in Resources */,
				7F10848329379D9D0019DE53 /* Assets.xcassets in Resources */,
			);
			runOnlyForDeploymentPostprocessing = 0;
		};
/* End PBXResourcesBuildPhase section */

/* Begin PBXSourcesBuildPhase section */
		7F10847729379D9C0019DE53 /* Sources */ = {
			isa = PBXSourcesBuildPhase;
			buildActionMask = 2147483647;
			files = (
				7F1084942937BA0D0019DE53 /* AvocadosView.swift in Sources */,
				7F3A8D2E293C233800979C4C /* HeaderModel.swift in Sources */,
				7F3A8D38293C235500979C4C /* FactData.swift in Sources */,
				7F3A8D39293C235500979C4C /* RipeningData.swift in Sources */,
				7F1084962937BA1E0019DE53 /* RipeningStagesView.swift in Sources */,
				7F60E41F294248F10078299C /* RippeningView.swift in Sources */,
				7F3A8D36293C235500979C4C /* RecipeData.swift in Sources */,
				7F10848129379D9C0019DE53 /* ContentView.swift in Sources */,
				7F794818293EEE5100CFA361 /* RecipeDetailView.swift in Sources */,
				7F10849A2937BA840019DE53 /* AppView.swift in Sources */,
				7F1084982937BA740019DE53 /* SettingsView.swift in Sources */,
				7F3A8D30293C233800979C4C /* RipeningModel.swift in Sources */,
				7F79480E293E8A7400CFA361 /* DishesView.swift in Sources */,
				7F794814293EEC2100CFA361 /* RecipientRatingView.swift in Sources */,
				7F10847F29379D9C0019DE53 /* AvocadosApp.swift in Sources */,
				7F794816293EEDA700CFA361 /* RecipieCookingView.swift in Sources */,
				7F3A8D2F293C233800979C4C /* RecipeModel.swift in Sources */,
				7F3A8D31293C233800979C4C /* FactModel.swift in Sources */,
				7F10848D2937A9AA0019DE53 /* LaunchScreen.swift in Sources */,
				7F3A8D37293C235500979C4C /* HeaderData.swift in Sources */,
				7F794810293EA69500CFA361 /* FactsView.swift in Sources */,
				7F3A8D29293BFC9800979C4C /* HeaderView.swift in Sources */,
				7F794812293EB4B900CFA361 /* RecipeCardView.swift in Sources */,
			);
			runOnlyForDeploymentPostprocessing = 0;
		};
/* End PBXSourcesBuildPhase section */

/* Begin XCBuildConfiguration section */
		7F10848729379D9D0019DE53 /* Debug */ = {
			isa = XCBuildConfiguration;
			buildSettings = {
				ALWAYS_SEARCH_USER_PATHS = NO;
				CLANG_ANALYZER_NONNULL = YES;
				CLANG_ANALYZER_NUMBER_OBJECT_CONVERSION = YES_AGGRESSIVE;
				CLANG_CXX_LANGUAGE_STANDARD = "gnu++20";
				CLANG_ENABLE_MODULES = YES;
				CLANG_ENABLE_OBJC_ARC = YES;
				CLANG_ENABLE_OBJC_WEAK = YES;
				CLANG_WARN_BLOCK_CAPTURE_AUTORELEASING = YES;
				CLANG_WARN_BOOL_CONVERSION = YES;
				CLANG_WARN_COMMA = YES;
				CLANG_WARN_CONSTANT_CONVERSION = YES;
				CLANG_WARN_DEPRECATED_OBJC_IMPLEMENTATIONS = YES;
				CLANG_WARN_DIRECT_OBJC_ISA_USAGE = YES_ERROR;
				CLANG_WARN_DOCUMENTATION_COMMENTS = YES;
				CLANG_WARN_EMPTY_BODY = YES;
				CLANG_WARN_ENUM_CONVERSION = YES;
				CLANG_WARN_INFINITE_RECURSION = YES;
				CLANG_WARN_INT_CONVERSION = YES;
				CLANG_WARN_NON_LITERAL_NULL_CONVERSION = YES;
				CLANG_WARN_OBJC_IMPLICIT_RETAIN_SELF = YES;
				CLANG_WARN_OBJC_LITERAL_CONVERSION = YES;
				CLANG_WARN_OBJC_ROOT_CLASS = YES_ERROR;
				CLANG_WARN_QUOTED_INCLUDE_IN_FRAMEWORK_HEADER = YES;
				CLANG_WARN_RANGE_LOOP_ANALYSIS = YES;
				CLANG_WARN_STRICT_PROTOTYPES = YES;
				CLANG_WARN_SUSPICIOUS_MOVE = YES;
				CLANG_WARN_UNGUARDED_AVAILABILITY = YES_AGGRESSIVE;
				CLANG_WARN_UNREACHABLE_CODE = YES;
				CLANG_WARN__DUPLICATE_METHOD_MATCH = YES;
				COPY_PHASE_STRIP = NO;
				DEBUG_INFORMATION_FORMAT = dwarf;
				ENABLE_STRICT_OBJC_MSGSEND = YES;
				ENABLE_TESTABILITY = YES;
				GCC_C_LANGUAGE_STANDARD = gnu11;
				GCC_DYNAMIC_NO_PIC = NO;
				GCC_NO_COMMON_BLOCKS = YES;
				GCC_OPTIMIZATION_LEVEL = 0;
				GCC_PREPROCESSOR_DEFINITIONS = (
					"DEBUG=1",
					"$(inherited)",
				);
				GCC_WARN_64_TO_32_BIT_CONVERSION = YES;
				GCC_WARN_ABOUT_RETURN_TYPE = YES_ERROR;
				GCC_WARN_UNDECLARED_SELECTOR = YES;
				GCC_WARN_UNINITIALIZED_AUTOS = YES_AGGRESSIVE;
				GCC_WARN_UNUSED_FUNCTION = YES;
				GCC_WARN_UNUSED_VARIABLE = YES;
				IPHONEOS_DEPLOYMENT_TARGET = 16.1;
				MTL_ENABLE_DEBUG_INFO = INCLUDE_SOURCE;
				MTL_FAST_MATH = YES;
				ONLY_ACTIVE_ARCH = YES;
				SDKROOT = iphoneos;
				SWIFT_ACTIVE_COMPILATION_CONDITIONS = DEBUG;
				SWIFT_OPTIMIZATION_LEVEL = "-Onone";
			};
			name = Debug;
		};
		7F10848829379D9D0019DE53 /* Release */ = {
			isa = XCBuildConfiguration;
			buildSettings = {
				ALWAYS_SEARCH_USER_PATHS = NO;
				CLANG_ANALYZER_NONNULL = YES;
				CLANG_ANALYZER_NUMBER_OBJECT_CONVERSION = YES_AGGRESSIVE;
				CLANG_CXX_LANGUAGE_STANDARD = "gnu++20";
				CLANG_ENABLE_MODULES = YES;
				CLANG_ENABLE_OBJC_ARC = YES;
				CLANG_ENABLE_OBJC_WEAK = YES;
				CLANG_WARN_BLOCK_CAPTURE_AUTORELEASING = YES;
				CLANG_WARN_BOOL_CONVERSION = YES;
				CLANG_WARN_COMMA = YES;
				CLANG_WARN_CONSTANT_CONVERSION = YES;
				CLANG_WARN_DEPRECATED_OBJC_IMPLEMENTATIONS = YES;
				CLANG_WARN_DIRECT_OBJC_ISA_USAGE = YES_ERROR;
				CLANG_WARN_DOCUMENTATION_COMMENTS = YES;
				CLANG_WARN_EMPTY_BODY = YES;
				CLANG_WARN_ENUM_CONVERSION = YES;
				CLANG_WARN_INFINITE_RECURSION = YES;
				CLANG_WARN_INT_CONVERSION = YES;
				CLANG_WARN_NON_LITERAL_NULL_CONVERSION = YES;
				CLANG_WARN_OBJC_IMPLICIT_RETAIN_SELF = YES;
				CLANG_WARN_OBJC_LITERAL_CONVERSION = YES;
				CLANG_WARN_OBJC_ROOT_CLASS = YES_ERROR;
				CLANG_WARN_QUOTED_INCLUDE_IN_FRAMEWORK_HEADER = YES;
				CLANG_WARN_RANGE_LOOP_ANALYSIS = YES;
				CLANG_WARN_STRICT_PROTOTYPES = YES;
				CLANG_WARN_SUSPICIOUS_MOVE = YES;
				CLANG_WARN_UNGUARDED_AVAILABILITY = YES_AGGRESSIVE;
				CLANG_WARN_UNREACHABLE_CODE = YES;
				CLANG_WARN__DUPLICATE_METHOD_MATCH = YES;
				COPY_PHASE_STRIP = NO;
				DEBUG_INFORMATION_FORMAT = "dwarf-with-dsym";
				ENABLE_NS_ASSERTIONS = NO;
				ENABLE_STRICT_OBJC_MSGSEND = YES;
				GCC_C_LANGUAGE_STANDARD = gnu11;
				GCC_NO_COMMON_BLOCKS = YES;
				GCC_WARN_64_TO_32_BIT_CONVERSION = YES;
				GCC_WARN_ABOUT_RETURN_TYPE = YES_ERROR;
				GCC_WARN_UNDECLARED_SELECTOR = YES;
				GCC_WARN_UNINITIALIZED_AUTOS = YES_AGGRESSIVE;
				GCC_WARN_UNUSED_FUNCTION = YES;
				GCC_WARN_UNUSED_VARIABLE = YES;
				IPHONEOS_DEPLOYMENT_TARGET = 16.1;
				MTL_ENABLE_DEBUG_INFO = NO;
				MTL_FAST_MATH = YES;
				SDKROOT = iphoneos;
				SWIFT_COMPILATION_MODE = wholemodule;
				SWIFT_OPTIMIZATION_LEVEL = "-O";
				VALIDATE_PRODUCT = YES;
			};
			name = Release;
		};
		7F10848A29379D9D0019DE53 /* Debug */ = {
			isa = XCBuildConfiguration;
			buildSettings = {
				ASSETCATALOG_COMPILER_APPICON_NAME = AppIcon;
				ASSETCATALOG_COMPILER_GLOBAL_ACCENT_COLOR_NAME = AccentColor;
				CODE_SIGN_STYLE = Automatic;
				CURRENT_PROJECT_VERSION = 1;
				DEVELOPMENT_ASSET_PATHS = "\"Avocados/Preview Content\"";
				DEVELOPMENT_TEAM = S835D7TLF4;
				ENABLE_PREVIEWS = YES;
				GENERATE_INFOPLIST_FILE = YES;
				INFOPLIST_KEY_UIApplicationSceneManifest_Generation = YES;
				INFOPLIST_KEY_UIApplicationSupportsIndirectInputEvents = YES;
				INFOPLIST_KEY_UILaunchScreen_Generation = YES;
				INFOPLIST_KEY_UISupportedInterfaceOrientations_iPad = "UIInterfaceOrientationPortrait UIInterfaceOrientationPortraitUpsideDown UIInterfaceOrientationLandscapeLeft UIInterfaceOrientationLandscapeRight";
				INFOPLIST_KEY_UISupportedInterfaceOrientations_iPhone = "UIInterfaceOrientationPortrait UIInterfaceOrientationLandscapeLeft UIInterfaceOrientationLandscapeRight";
				LD_RUNPATH_SEARCH_PATHS = (
					"$(inherited)",
					"@executable_path/Frameworks",
				);
				MARKETING_VERSION = 1.0;
				PRODUCT_BUNDLE_IDENTIFIER = azurduy.com.Avocados;
				PRODUCT_NAME = "$(TARGET_NAME)";
				SWIFT_EMIT_LOC_STRINGS = YES;
				SWIFT_VERSION = 5.0;
				TARGETED_DEVICE_FAMILY = "1,2";
			};
			name = Debug;
		};
		7F10848B29379D9D0019DE53 /* Release */ = {
			isa = XCBuildConfiguration;
			buildSettings = {
				ASSETCATALOG_COMPILER_APPICON_NAME = AppIcon;
				ASSETCATALOG_COMPILER_GLOBAL_ACCENT_COLOR_NAME = AccentColor;
				CODE_SIGN_STYLE = Automatic;
				CURRENT_PROJECT_VERSION = 1;
				DEVELOPMENT_ASSET_PATHS = "\"Avocados/Preview Content\"";
				DEVELOPMENT_TEAM = S835D7TLF4;
				ENABLE_PREVIEWS = YES;
				GENERATE_INFOPLIST_FILE = YES;
				INFOPLIST_KEY_UIApplicationSceneManifest_Generation = YES;
				INFOPLIST_KEY_UIApplicationSupportsIndirectInputEvents = YES;
				INFOPLIST_KEY_UILaunchScreen_Generation = YES;
				INFOPLIST_KEY_UISupportedInterfaceOrientations_iPad = "UIInterfaceOrientationPortrait UIInterfaceOrientationPortraitUpsideDown UIInterfaceOrientationLandscapeLeft UIInterfaceOrientationLandscapeRight";
				INFOPLIST_KEY_UISupportedInterfaceOrientations_iPhone = "UIInterfaceOrientationPortrait UIInterfaceOrientationLandscapeLeft UIInterfaceOrientationLandscapeRight";
				LD_RUNPATH_SEARCH_PATHS = (
					"$(inherited)",
					"@executable_path/Frameworks",
				);
				MARKETING_VERSION = 1.0;
				PRODUCT_BUNDLE_IDENTIFIER = azurduy.com.Avocados;
				PRODUCT_NAME = "$(TARGET_NAME)";
				SWIFT_EMIT_LOC_STRINGS = YES;
				SWIFT_VERSION = 5.0;
				TARGETED_DEVICE_FAMILY = "1,2";
			};
			name = Release;
		};
/* End XCBuildConfiguration section */

/* Begin XCConfigurationList section */
		7F10847629379D9C0019DE53 /* Build configuration list for PBXProject "Avocados" */ = {
			isa = XCConfigurationList;
			buildConfigurations = (
				7F10848729379D9D0019DE53 /* Debug */,
				7F10848829379D9D0019DE53 /* Release */,
			);
			defaultConfigurationIsVisible = 0;
			defaultConfigurationName = Release;
		};
		7F10848929379D9D0019DE53 /* Build configuration list for PBXNativeTarget "Avocados" */ = {
			isa = XCConfigurationList;
			buildConfigurations = (
				7F10848A29379D9D0019DE53 /* Debug */,
				7F10848B29379D9D0019DE53 /* Release */,
			);
			defaultConfigurationIsVisible = 0;
			defaultConfigurationName = Release;
		};
/* End XCConfigurationList section */
	};
	rootObject = 7F10847329379D9C0019DE53 /* Project object */;
}
