// !$*UTF8*$!
{
	archiveVersion = 1;
	classes = {
	};
	objectVersion = 55;
	objects = {

/* Begin PBXBuildFile section */
		7F5BE76328CA49EF00B7459C /* NewTaskItemView.swift in Sources */ = {isa = PBXBuildFile; fileRef = 7F5BE76228CA49EF00B7459C /* NewTaskItemView.swift */; };
		7F5BE76528CA4F9100B7459C /* BlankView.swift in Sources */ = {isa = PBXBuildFile; fileRef = 7F5BE76428CA4F9100B7459C /* BlankView.swift */; };
		7F7C66D928D6D5BF00D2D606 /* WidgetKit.framework in Frameworks */ = {isa = PBXBuildFile; fileRef = 7F7C66C028D6D45D00D2D606 /* WidgetKit.framework */; };
		7F7C66DA28D6D5BF00D2D606 /* SwiftUI.framework in Frameworks */ = {isa = PBXBuildFile; fileRef = 7F7C66C228D6D45D00D2D606 /* SwiftUI.framework */; };
		7F7C66DD28D6D5BF00D2D606 /* DevoteWidget.swift in Sources */ = {isa = PBXBuildFile; fileRef = 7F7C66DC28D6D5BF00D2D606 /* DevoteWidget.swift */; };
		7F7C66DF28D6D5C100D2D606 /* Assets.xcassets in Resources */ = {isa = PBXBuildFile; fileRef = 7F7C66DE28D6D5C100D2D606 /* Assets.xcassets */; };
		7F7C66E328D6D5C100D2D606 /* DevoteWidgetExtension.appex in Embed App Extensions */ = {isa = PBXBuildFile; fileRef = 7F7C66D828D6D5BF00D2D606 /* DevoteWidgetExtension.appex */; settings = {ATTRIBUTES = (RemoveHeadersOnCopy, ); }; };
		7F95E07128D68B6E00F0AB3F /* ListRowItemView.swift in Sources */ = {isa = PBXBuildFile; fileRef = 7F95E07028D68B6D00F0AB3F /* ListRowItemView.swift */; };
		7F95E07328D6C33D00F0AB3F /* CheckBoxStyle.swift in Sources */ = {isa = PBXBuildFile; fileRef = 7F95E07228D6C33D00F0AB3F /* CheckBoxStyle.swift */; };
		7F95E07528D6CCDD00F0AB3F /* SoundPlayer.swift in Sources */ = {isa = PBXBuildFile; fileRef = 7F95E07428D6CCDD00F0AB3F /* SoundPlayer.swift */; };
		7FEFAB4928C82E9E0078F00D /* DevoteApp.swift in Sources */ = {isa = PBXBuildFile; fileRef = 7FEFAB4828C82E9E0078F00D /* DevoteApp.swift */; };
		7FEFAB4B28C82E9E0078F00D /* ContentView.swift in Sources */ = {isa = PBXBuildFile; fileRef = 7FEFAB4A28C82E9E0078F00D /* ContentView.swift */; };
		7FEFAB4D28C82EA00078F00D /* Assets.xcassets in Resources */ = {isa = PBXBuildFile; fileRef = 7FEFAB4C28C82EA00078F00D /* Assets.xcassets */; };
		7FEFAB5028C82EA00078F00D /* Preview Assets.xcassets in Resources */ = {isa = PBXBuildFile; fileRef = 7FEFAB4F28C82EA00078F00D /* Preview Assets.xcassets */; };
		7FEFAB5228C82EA00078F00D /* Persistence.swift in Sources */ = {isa = PBXBuildFile; fileRef = 7FEFAB5128C82EA00078F00D /* Persistence.swift */; };
		7FEFAB5528C82EA00078F00D /* Devote.xcdatamodeld in Sources */ = {isa = PBXBuildFile; fileRef = 7FEFAB5328C82EA00078F00D /* Devote.xcdatamodeld */; };
		7FEFAB5E28C82F320078F00D /* sound-rise.mp3 in Resources */ = {isa = PBXBuildFile; fileRef = 7FEFAB5B28C82F320078F00D /* sound-rise.mp3 */; };
		7FEFAB5F28C82F320078F00D /* sound-ding.mp3 in Resources */ = {isa = PBXBuildFile; fileRef = 7FEFAB5C28C82F320078F00D /* sound-ding.mp3 */; };
		7FEFAB6028C82F320078F00D /* sound-tap.mp3 in Resources */ = {isa = PBXBuildFile; fileRef = 7FEFAB5D28C82F320078F00D /* sound-tap.mp3 */; };
		7FEFAB6928C83D250078F00D /* Constant.swift in Sources */ = {isa = PBXBuildFile; fileRef = 7FEFAB6828C83D250078F00D /* Constant.swift */; };
		7FEFAB6B28C83F9C0078F00D /* ChildButton.swift in Sources */ = {isa = PBXBuildFile; fileRef = 7FEFAB6A28C83F9C0078F00D /* ChildButton.swift */; };
		7FEFAB6D28C8474B0078F00D /* Hidekeyboard.swift in Sources */ = {isa = PBXBuildFile; fileRef = 7FEFAB6C28C8474B0078F00D /* Hidekeyboard.swift */; };
		7FEFAB6F28C863170078F00D /* BackgroundImageView.swift in Sources */ = {isa = PBXBuildFile; fileRef = 7FEFAB6E28C863170078F00D /* BackgroundImageView.swift */; };
		7FF106D228D78A9A00B10237 /* Assets.xcassets in Resources */ = {isa = PBXBuildFile; fileRef = 7FEFAB4C28C82EA00078F00D /* Assets.xcassets */; };
		7FF106D328D78B3300B10237 /* Constant.swift in Sources */ = {isa = PBXBuildFile; fileRef = 7FEFAB6828C83D250078F00D /* Constant.swift */; };
/* End PBXBuildFile section */

/* Begin PBXContainerItemProxy section */
		7F7C66E128D6D5C100D2D606 /* PBXContainerItemProxy */ = {
			isa = PBXContainerItemProxy;
			containerPortal = 7FEFAB3D28C82E9E0078F00D /* Project object */;
			proxyType = 1;
			remoteGlobalIDString = 7F7C66D728D6D5BF00D2D606;
			remoteInfo = DevoteWidgetExtension;
		};
/* End PBXContainerItemProxy section */

/* Begin PBXCopyFilesBuildPhase section */
		7F7C66D028D6D45F00D2D606 /* Embed App Extensions */ = {
			isa = PBXCopyFilesBuildPhase;
			buildActionMask = 2147483647;
			dstPath = "";
			dstSubfolderSpec = 13;
			files = (
				7F7C66E328D6D5C100D2D606 /* DevoteWidgetExtension.appex in Embed App Extensions */,
			);
			name = "Embed App Extensions";
			runOnlyForDeploymentPostprocessing = 0;
		};
/* End PBXCopyFilesBuildPhase section */

/* Begin PBXFileReference section */
		7F5BE76228CA49EF00B7459C /* NewTaskItemView.swift */ = {isa = PBXFileReference; lastKnownFileType = sourcecode.swift; path = NewTaskItemView.swift; sourceTree = "<group>"; };
		7F5BE76428CA4F9100B7459C /* BlankView.swift */ = {isa = PBXFileReference; lastKnownFileType = sourcecode.swift; path = BlankView.swift; sourceTree = "<group>"; };
		7F7C66C028D6D45D00D2D606 /* WidgetKit.framework */ = {isa = PBXFileReference; lastKnownFileType = wrapper.framework; name = WidgetKit.framework; path = System/Library/Frameworks/WidgetKit.framework; sourceTree = SDKROOT; };
		7F7C66C228D6D45D00D2D606 /* SwiftUI.framework */ = {isa = PBXFileReference; lastKnownFileType = wrapper.framework; name = SwiftUI.framework; path = System/Library/Frameworks/SwiftUI.framework; sourceTree = SDKROOT; };
		7F7C66D828D6D5BF00D2D606 /* DevoteWidgetExtension.appex */ = {isa = PBXFileReference; explicitFileType = "wrapper.app-extension"; includeInIndex = 0; path = DevoteWidgetExtension.appex; sourceTree = BUILT_PRODUCTS_DIR; };
		7F7C66DC28D6D5BF00D2D606 /* DevoteWidget.swift */ = {isa = PBXFileReference; lastKnownFileType = sourcecode.swift; path = DevoteWidget.swift; sourceTree = "<group>"; };
		7F7C66DE28D6D5C100D2D606 /* Assets.xcassets */ = {isa = PBXFileReference; lastKnownFileType = folder.assetcatalog; path = Assets.xcassets; sourceTree = "<group>"; };
		7F7C66E028D6D5C100D2D606 /* Info.plist */ = {isa = PBXFileReference; lastKnownFileType = text.plist.xml; path = Info.plist; sourceTree = "<group>"; };
		7F95E07028D68B6D00F0AB3F /* ListRowItemView.swift */ = {isa = PBXFileReference; lastKnownFileType = sourcecode.swift; path = ListRowItemView.swift; sourceTree = "<group>"; };
		7F95E07228D6C33D00F0AB3F /* CheckBoxStyle.swift */ = {isa = PBXFileReference; lastKnownFileType = sourcecode.swift; path = CheckBoxStyle.swift; sourceTree = "<group>"; };
		7F95E07428D6CCDD00F0AB3F /* SoundPlayer.swift */ = {isa = PBXFileReference; lastKnownFileType = sourcecode.swift; path = SoundPlayer.swift; sourceTree = "<group>"; };
		7FEFAB4528C82E9E0078F00D /* Devote.app */ = {isa = PBXFileReference; explicitFileType = wrapper.application; includeInIndex = 0; path = Devote.app; sourceTree = BUILT_PRODUCTS_DIR; };
		7FEFAB4828C82E9E0078F00D /* DevoteApp.swift */ = {isa = PBXFileReference; lastKnownFileType = sourcecode.swift; path = DevoteApp.swift; sourceTree = "<group>"; };
		7FEFAB4A28C82E9E0078F00D /* ContentView.swift */ = {isa = PBXFileReference; lastKnownFileType = sourcecode.swift; path = ContentView.swift; sourceTree = "<group>"; };
		7FEFAB4C28C82EA00078F00D /* Assets.xcassets */ = {isa = PBXFileReference; lastKnownFileType = folder.assetcatalog; path = Assets.xcassets; sourceTree = "<group>"; };
		7FEFAB4F28C82EA00078F00D /* Preview Assets.xcassets */ = {isa = PBXFileReference; lastKnownFileType = folder.assetcatalog; path = "Preview Assets.xcassets"; sourceTree = "<group>"; };
		7FEFAB5128C82EA00078F00D /* Persistence.swift */ = {isa = PBXFileReference; lastKnownFileType = sourcecode.swift; path = Persistence.swift; sourceTree = "<group>"; };
		7FEFAB5428C82EA00078F00D /* Devote.xcdatamodel */ = {isa = PBXFileReference; lastKnownFileType = wrapper.xcdatamodel; path = Devote.xcdatamodel; sourceTree = "<group>"; };
		7FEFAB5B28C82F320078F00D /* sound-rise.mp3 */ = {isa = PBXFileReference; lastKnownFileType = audio.mp3; path = "sound-rise.mp3"; sourceTree = "<group>"; };
		7FEFAB5C28C82F320078F00D /* sound-ding.mp3 */ = {isa = PBXFileReference; lastKnownFileType = audio.mp3; path = "sound-ding.mp3"; sourceTree = "<group>"; };
		7FEFAB5D28C82F320078F00D /* sound-tap.mp3 */ = {isa = PBXFileReference; lastKnownFileType = audio.mp3; path = "sound-tap.mp3"; sourceTree = "<group>"; };
		7FEFAB6728C82FBF0078F00D /* Info.plist */ = {isa = PBXFileReference; lastKnownFileType = text.plist; path = Info.plist; sourceTree = "<group>"; };
		7FEFAB6828C83D250078F00D /* Constant.swift */ = {isa = PBXFileReference; lastKnownFileType = sourcecode.swift; path = Constant.swift; sourceTree = "<group>"; };
		7FEFAB6A28C83F9C0078F00D /* ChildButton.swift */ = {isa = PBXFileReference; lastKnownFileType = sourcecode.swift; path = ChildButton.swift; sourceTree = "<group>"; };
		7FEFAB6C28C8474B0078F00D /* Hidekeyboard.swift */ = {isa = PBXFileReference; lastKnownFileType = sourcecode.swift; path = Hidekeyboard.swift; sourceTree = "<group>"; };
		7FEFAB6E28C863170078F00D /* BackgroundImageView.swift */ = {isa = PBXFileReference; lastKnownFileType = sourcecode.swift; path = BackgroundImageView.swift; sourceTree = "<group>"; };
/* End PBXFileReference section */

/* Begin PBXFrameworksBuildPhase section */
		7F7C66D528D6D5BF00D2D606 /* Frameworks */ = {
			isa = PBXFrameworksBuildPhase;
			buildActionMask = 2147483647;
			files = (
				7F7C66DA28D6D5BF00D2D606 /* SwiftUI.framework in Frameworks */,
				7F7C66D928D6D5BF00D2D606 /* WidgetKit.framework in Frameworks */,
			);
			runOnlyForDeploymentPostprocessing = 0;
		};
		7FEFAB4228C82E9E0078F00D /* Frameworks */ = {
			isa = PBXFrameworksBuildPhase;
			buildActionMask = 2147483647;
			files = (
			);
			runOnlyForDeploymentPostprocessing = 0;
		};
/* End PBXFrameworksBuildPhase section */

/* Begin PBXGroup section */
		7F7C66BF28D6D45D00D2D606 /* Frameworks */ = {
			isa = PBXGroup;
			children = (
				7F7C66C028D6D45D00D2D606 /* WidgetKit.framework */,
				7F7C66C228D6D45D00D2D606 /* SwiftUI.framework */,
			);
			name = Frameworks;
			sourceTree = "<group>";
		};
		7F7C66DB28D6D5BF00D2D606 /* DevoteWidget */ = {
			isa = PBXGroup;
			children = (
				7F7C66DC28D6D5BF00D2D606 /* DevoteWidget.swift */,
				7F7C66DE28D6D5C100D2D606 /* Assets.xcassets */,
				7F7C66E028D6D5C100D2D606 /* Info.plist */,
			);
			path = DevoteWidget;
			sourceTree = "<group>";
		};
		7FEFAB3C28C82E9E0078F00D = {
			isa = PBXGroup;
			children = (
				7FEFAB4728C82E9E0078F00D /* Devote */,
				7F7C66DB28D6D5BF00D2D606 /* DevoteWidget */,
				7F7C66BF28D6D45D00D2D606 /* Frameworks */,
				7FEFAB4628C82E9E0078F00D /* Products */,
			);
			sourceTree = "<group>";
		};
		7FEFAB4628C82E9E0078F00D /* Products */ = {
			isa = PBXGroup;
			children = (
				7FEFAB4528C82E9E0078F00D /* Devote.app */,
				7F7C66D828D6D5BF00D2D606 /* DevoteWidgetExtension.appex */,
			);
			name = Products;
			sourceTree = "<group>";
		};
		7FEFAB4728C82E9E0078F00D /* Devote */ = {
			isa = PBXGroup;
			children = (
				7FEFAB6728C82FBF0078F00D /* Info.plist */,
				7FEFAB4C28C82EA00078F00D /* Assets.xcassets */,
				7FEFAB4828C82E9E0078F00D /* DevoteApp.swift */,
				7FEFAB6228C82F520078F00D /* Extension */,
				7FEFAB6528C82F6C0078F00D /* Model */,
				7FEFAB4E28C82EA00078F00D /* Preview Content */,
				7FEFAB6128C82F470078F00D /* Sound */,
				7FEFAB6428C82F5C0078F00D /* Style */,
				7FEFAB6328C82F570078F00D /* Utility */,
				7FEFAB6628C82F840078F00D /* View */,
			);
			path = Devote;
			sourceTree = "<group>";
		};
		7FEFAB4E28C82EA00078F00D /* Preview Content */ = {
			isa = PBXGroup;
			children = (
				7FEFAB4F28C82EA00078F00D /* Preview Assets.xcassets */,
			);
			path = "Preview Content";
			sourceTree = "<group>";
		};
		7FEFAB6128C82F470078F00D /* Sound */ = {
			isa = PBXGroup;
			children = (
				7FEFAB5C28C82F320078F00D /* sound-ding.mp3 */,
				7FEFAB5B28C82F320078F00D /* sound-rise.mp3 */,
				7FEFAB5D28C82F320078F00D /* sound-tap.mp3 */,
			);
			path = Sound;
			sourceTree = "<group>";
		};
		7FEFAB6228C82F520078F00D /* Extension */ = {
			isa = PBXGroup;
			children = (
				7FEFAB6C28C8474B0078F00D /* Hidekeyboard.swift */,
			);
			path = Extension;
			sourceTree = "<group>";
		};
		7FEFAB6328C82F570078F00D /* Utility */ = {
			isa = PBXGroup;
			children = (
				7FEFAB6828C83D250078F00D /* Constant.swift */,
				7F95E07428D6CCDD00F0AB3F /* SoundPlayer.swift */,
			);
			path = Utility;
			sourceTree = "<group>";
		};
		7FEFAB6428C82F5C0078F00D /* Style */ = {
			isa = PBXGroup;
			children = (
				7F95E07228D6C33D00F0AB3F /* CheckBoxStyle.swift */,
			);
			path = Style;
			sourceTree = "<group>";
		};
		7FEFAB6528C82F6C0078F00D /* Model */ = {
			isa = PBXGroup;
			children = (
				7FEFAB5128C82EA00078F00D /* Persistence.swift */,
				7FEFAB5328C82EA00078F00D /* Devote.xcdatamodeld */,
			);
			path = Model;
			sourceTree = "<group>";
		};
		7FEFAB6628C82F840078F00D /* View */ = {
			isa = PBXGroup;
			children = (
				7FEFAB4A28C82E9E0078F00D /* ContentView.swift */,
				7FEFAB6A28C83F9C0078F00D /* ChildButton.swift */,
				7FEFAB6E28C863170078F00D /* BackgroundImageView.swift */,
				7F5BE76228CA49EF00B7459C /* NewTaskItemView.swift */,
				7F5BE76428CA4F9100B7459C /* BlankView.swift */,
				7F95E07028D68B6D00F0AB3F /* ListRowItemView.swift */,
			);
			path = View;
			sourceTree = "<group>";
		};
/* End PBXGroup section */

/* Begin PBXNativeTarget section */
		7F7C66D728D6D5BF00D2D606 /* DevoteWidgetExtension */ = {
			isa = PBXNativeTarget;
			buildConfigurationList = 7F7C66E428D6D5C100D2D606 /* Build configuration list for PBXNativeTarget "DevoteWidgetExtension" */;
			buildPhases = (
				7F7C66D428D6D5BF00D2D606 /* Sources */,
				7F7C66D528D6D5BF00D2D606 /* Frameworks */,
				7F7C66D628D6D5BF00D2D606 /* Resources */,
			);
			buildRules = (
			);
			dependencies = (
			);
			name = DevoteWidgetExtension;
			productName = DevoteWidgetExtension;
			productReference = 7F7C66D828D6D5BF00D2D606 /* DevoteWidgetExtension.appex */;
			productType = "com.apple.product-type.app-extension";
		};
		7FEFAB4428C82E9E0078F00D /* Devote */ = {
			isa = PBXNativeTarget;
			buildConfigurationList = 7FEFAB5828C82EA00078F00D /* Build configuration list for PBXNativeTarget "Devote" */;
			buildPhases = (
				7FEFAB4128C82E9E0078F00D /* Sources */,
				7FEFAB4228C82E9E0078F00D /* Frameworks */,
				7FEFAB4328C82E9E0078F00D /* Resources */,
				7F7C66D028D6D45F00D2D606 /* Embed App Extensions */,
			);
			buildRules = (
			);
			dependencies = (
				7F7C66E228D6D5C100D2D606 /* PBXTargetDependency */,
			);
			name = Devote;
			productName = Devote;
			productReference = 7FEFAB4528C82E9E0078F00D /* Devote.app */;
			productType = "com.apple.product-type.application";
		};
/* End PBXNativeTarget section */

/* Begin PBXProject section */
		7FEFAB3D28C82E9E0078F00D /* Project object */ = {
			isa = PBXProject;
			attributes = {
				BuildIndependentTargetsInParallel = 1;
				LastSwiftUpdateCheck = 1340;
				LastUpgradeCheck = 1340;
				TargetAttributes = {
					7F7C66D728D6D5BF00D2D606 = {
						CreatedOnToolsVersion = 13.4.1;
					};
					7FEFAB4428C82E9E0078F00D = {
						CreatedOnToolsVersion = 13.4.1;
					};
				};
			};
			buildConfigurationList = 7FEFAB4028C82E9E0078F00D /* Build configuration list for PBXProject "Devote" */;
			compatibilityVersion = "Xcode 13.0";
			developmentRegion = en;
			hasScannedForEncodings = 0;
			knownRegions = (
				en,
				Base,
			);
			mainGroup = 7FEFAB3C28C82E9E0078F00D;
			productRefGroup = 7FEFAB4628C82E9E0078F00D /* Products */;
			projectDirPath = "";
			projectRoot = "";
			targets = (
				7FEFAB4428C82E9E0078F00D /* Devote */,
				7F7C66D728D6D5BF00D2D606 /* DevoteWidgetExtension */,
			);
		};
/* End PBXProject section */

/* Begin PBXResourcesBuildPhase section */
		7F7C66D628D6D5BF00D2D606 /* Resources */ = {
			isa = PBXResourcesBuildPhase;
			buildActionMask = 2147483647;
			files = (
				7FF106D228D78A9A00B10237 /* Assets.xcassets in Resources */,
				7F7C66DF28D6D5C100D2D606 /* Assets.xcassets in Resources */,
			);
			runOnlyForDeploymentPostprocessing = 0;
		};
		7FEFAB4328C82E9E0078F00D /* Resources */ = {
			isa = PBXResourcesBuildPhase;
			buildActionMask = 2147483647;
			files = (
				7FEFAB5F28C82F320078F00D /* sound-ding.mp3 in Resources */,
				7FEFAB5E28C82F320078F00D /* sound-rise.mp3 in Resources */,
				7FEFAB5028C82EA00078F00D /* Preview Assets.xcassets in Resources */,
				7FEFAB6028C82F320078F00D /* sound-tap.mp3 in Resources */,
				7FEFAB4D28C82EA00078F00D /* Assets.xcassets in Resources */,
			);
			runOnlyForDeploymentPostprocessing = 0;
		};
/* End PBXResourcesBuildPhase section */

/* Begin PBXSourcesBuildPhase section */
		7F7C66D428D6D5BF00D2D606 /* Sources */ = {
			isa = PBXSourcesBuildPhase;
			buildActionMask = 2147483647;
			files = (
				7F7C66DD28D6D5BF00D2D606 /* DevoteWidget.swift in Sources */,
				7FF106D328D78B3300B10237 /* Constant.swift in Sources */,
			);
			runOnlyForDeploymentPostprocessing = 0;
		};
		7FEFAB4128C82E9E0078F00D /* Sources */ = {
			isa = PBXSourcesBuildPhase;
			buildActionMask = 2147483647;
			files = (
				7F95E07528D6CCDD00F0AB3F /* SoundPlayer.swift in Sources */,
				7FEFAB6B28C83F9C0078F00D /* ChildButton.swift in Sources */,
				7F5BE76528CA4F9100B7459C /* BlankView.swift in Sources */,
				7FEFAB5228C82EA00078F00D /* Persistence.swift in Sources */,
				7FEFAB6F28C863170078F00D /* BackgroundImageView.swift in Sources */,
				7FEFAB4B28C82E9E0078F00D /* ContentView.swift in Sources */,
				7FEFAB6928C83D250078F00D /* Constant.swift in Sources */,
				7F95E07328D6C33D00F0AB3F /* CheckBoxStyle.swift in Sources */,
				7FEFAB5528C82EA00078F00D /* Devote.xcdatamodeld in Sources */,
				7F95E07128D68B6E00F0AB3F /* ListRowItemView.swift in Sources */,
				7FEFAB6D28C8474B0078F00D /* Hidekeyboard.swift in Sources */,
				7F5BE76328CA49EF00B7459C /* NewTaskItemView.swift in Sources */,
				7FEFAB4928C82E9E0078F00D /* DevoteApp.swift in Sources */,
			);
			runOnlyForDeploymentPostprocessing = 0;
		};
/* End PBXSourcesBuildPhase section */

/* Begin PBXTargetDependency section */
		7F7C66E228D6D5C100D2D606 /* PBXTargetDependency */ = {
			isa = PBXTargetDependency;
			target = 7F7C66D728D6D5BF00D2D606 /* DevoteWidgetExtension */;
			targetProxy = 7F7C66E128D6D5C100D2D606 /* PBXContainerItemProxy */;
		};
/* End PBXTargetDependency section */

/* Begin XCBuildConfiguration section */
		7F7C66E528D6D5C100D2D606 /* Debug */ = {
			isa = XCBuildConfiguration;
			buildSettings = {
				ASSETCATALOG_COMPILER_GLOBAL_ACCENT_COLOR_NAME = AccentColor;
				ASSETCATALOG_COMPILER_WIDGET_BACKGROUND_COLOR_NAME = WidgetBackground;
				CODE_SIGN_STYLE = Automatic;
				CURRENT_PROJECT_VERSION = 1;
				DEVELOPMENT_TEAM = S835D7TLF4;
				GENERATE_INFOPLIST_FILE = YES;
				INFOPLIST_FILE = DevoteWidget/Info.plist;
				INFOPLIST_KEY_CFBundleDisplayName = DevoteWidget;
				INFOPLIST_KEY_NSHumanReadableCopyright = "";
				LD_RUNPATH_SEARCH_PATHS = (
					"$(inherited)",
					"@executable_path/Frameworks",
					"@executable_path/../../Frameworks",
				);
				MARKETING_VERSION = 1.0;
				PRODUCT_BUNDLE_IDENTIFIER = azurduy.com.Devote.DevoteWidget;
				PRODUCT_NAME = "$(TARGET_NAME)";
				SKIP_INSTALL = YES;
				SWIFT_EMIT_LOC_STRINGS = YES;
				SWIFT_VERSION = 5.0;
				TARGETED_DEVICE_FAMILY = "1,2";
			};
			name = Debug;
		};
		7F7C66E628D6D5C100D2D606 /* Release */ = {
			isa = XCBuildConfiguration;
			buildSettings = {
				ASSETCATALOG_COMPILER_GLOBAL_ACCENT_COLOR_NAME = AccentColor;
				ASSETCATALOG_COMPILER_WIDGET_BACKGROUND_COLOR_NAME = WidgetBackground;
				CODE_SIGN_STYLE = Automatic;
				CURRENT_PROJECT_VERSION = 1;
				DEVELOPMENT_TEAM = S835D7TLF4;
				GENERATE_INFOPLIST_FILE = YES;
				INFOPLIST_FILE = DevoteWidget/Info.plist;
				INFOPLIST_KEY_CFBundleDisplayName = DevoteWidget;
				INFOPLIST_KEY_NSHumanReadableCopyright = "";
				LD_RUNPATH_SEARCH_PATHS = (
					"$(inherited)",
					"@executable_path/Frameworks",
					"@executable_path/../../Frameworks",
				);
				MARKETING_VERSION = 1.0;
				PRODUCT_BUNDLE_IDENTIFIER = azurduy.com.Devote.DevoteWidget;
				PRODUCT_NAME = "$(TARGET_NAME)";
				SKIP_INSTALL = YES;
				SWIFT_EMIT_LOC_STRINGS = YES;
				SWIFT_VERSION = 5.0;
				TARGETED_DEVICE_FAMILY = "1,2";
			};
			name = Release;
		};
		7FEFAB5628C82EA00078F00D /* Debug */ = {
			isa = XCBuildConfiguration;
			buildSettings = {
				ALWAYS_SEARCH_USER_PATHS = NO;
				CLANG_ANALYZER_NONNULL = YES;
				CLANG_ANALYZER_NUMBER_OBJECT_CONVERSION = YES_AGGRESSIVE;
				CLANG_CXX_LANGUAGE_STANDARD = "gnu++17";
				CLANG_ENABLE_MODULES = YES;
				CLANG_ENABLE_OBJC_ARC = YES;
				CLANG_ENABLE_OBJC_WEAK = YES;
				CLANG_WARN_BLOCK_CAPTURE_AUTORELEASING = YES;
				CLANG_WARN_BOOL_CONVERSION = YES;
				CLANG_WARN_COMMA = YES;
				CLANG_WARN_CONSTANT_CONVERSION = YES;
				CLANG_WARN_DEPRECATED_OBJC_IMPLEMENTATIONS = YES;
				CLANG_WARN_DIRECT_OBJC_ISA_USAGE = YES_ERROR;
				CLANG_WARN_DOCUMENTATION_COMMENTS = YES;
				CLANG_WARN_EMPTY_BODY = YES;
				CLANG_WARN_ENUM_CONVERSION = YES;
				CLANG_WARN_INFINITE_RECURSION = YES;
				CLANG_WARN_INT_CONVERSION = YES;
				CLANG_WARN_NON_LITERAL_NULL_CONVERSION = YES;
				CLANG_WARN_OBJC_IMPLICIT_RETAIN_SELF = YES;
				CLANG_WARN_OBJC_LITERAL_CONVERSION = YES;
				CLANG_WARN_OBJC_ROOT_CLASS = YES_ERROR;
				CLANG_WARN_QUOTED_INCLUDE_IN_FRAMEWORK_HEADER = YES;
				CLANG_WARN_RANGE_LOOP_ANALYSIS = YES;
				CLANG_WARN_STRICT_PROTOTYPES = YES;
				CLANG_WARN_SUSPICIOUS_MOVE = YES;
				CLANG_WARN_UNGUARDED_AVAILABILITY = YES_AGGRESSIVE;
				CLANG_WARN_UNREACHABLE_CODE = YES;
				CLANG_WARN__DUPLICATE_METHOD_MATCH = YES;
				COPY_PHASE_STRIP = NO;
				DEBUG_INFORMATION_FORMAT = dwarf;
				ENABLE_STRICT_OBJC_MSGSEND = YES;
				ENABLE_TESTABILITY = YES;
				GCC_C_LANGUAGE_STANDARD = gnu11;
				GCC_DYNAMIC_NO_PIC = NO;
				GCC_NO_COMMON_BLOCKS = YES;
				GCC_OPTIMIZATION_LEVEL = 0;
				GCC_PREPROCESSOR_DEFINITIONS = (
					"DEBUG=1",
					"$(inherited)",
				);
				GCC_WARN_64_TO_32_BIT_CONVERSION = YES;
				GCC_WARN_ABOUT_RETURN_TYPE = YES_ERROR;
				GCC_WARN_UNDECLARED_SELECTOR = YES;
				GCC_WARN_UNINITIALIZED_AUTOS = YES_AGGRESSIVE;
				GCC_WARN_UNUSED_FUNCTION = YES;
				GCC_WARN_UNUSED_VARIABLE = YES;
				IPHONEOS_DEPLOYMENT_TARGET = 15.5;
				MTL_ENABLE_DEBUG_INFO = INCLUDE_SOURCE;
				MTL_FAST_MATH = YES;
				ONLY_ACTIVE_ARCH = YES;
				SDKROOT = iphoneos;
				SWIFT_ACTIVE_COMPILATION_CONDITIONS = DEBUG;
				SWIFT_OPTIMIZATION_LEVEL = "-Onone";
			};
			name = Debug;
		};
		7FEFAB5728C82EA00078F00D /* Release */ = {
			isa = XCBuildConfiguration;
			buildSettings = {
				ALWAYS_SEARCH_USER_PATHS = NO;
				CLANG_ANALYZER_NONNULL = YES;
				CLANG_ANALYZER_NUMBER_OBJECT_CONVERSION = YES_AGGRESSIVE;
				CLANG_CXX_LANGUAGE_STANDARD = "gnu++17";
				CLANG_ENABLE_MODULES = YES;
				CLANG_ENABLE_OBJC_ARC = YES;
				CLANG_ENABLE_OBJC_WEAK = YES;
				CLANG_WARN_BLOCK_CAPTURE_AUTORELEASING = YES;
				CLANG_WARN_BOOL_CONVERSION = YES;
				CLANG_WARN_COMMA = YES;
				CLANG_WARN_CONSTANT_CONVERSION = YES;
				CLANG_WARN_DEPRECATED_OBJC_IMPLEMENTATIONS = YES;
				CLANG_WARN_DIRECT_OBJC_ISA_USAGE = YES_ERROR;
				CLANG_WARN_DOCUMENTATION_COMMENTS = YES;
				CLANG_WARN_EMPTY_BODY = YES;
				CLANG_WARN_ENUM_CONVERSION = YES;
				CLANG_WARN_INFINITE_RECURSION = YES;
				CLANG_WARN_INT_CONVERSION = YES;
				CLANG_WARN_NON_LITERAL_NULL_CONVERSION = YES;
				CLANG_WARN_OBJC_IMPLICIT_RETAIN_SELF = YES;
				CLANG_WARN_OBJC_LITERAL_CONVERSION = YES;
				CLANG_WARN_OBJC_ROOT_CLASS = YES_ERROR;
				CLANG_WARN_QUOTED_INCLUDE_IN_FRAMEWORK_HEADER = YES;
				CLANG_WARN_RANGE_LOOP_ANALYSIS = YES;
				CLANG_WARN_STRICT_PROTOTYPES = YES;
				CLANG_WARN_SUSPICIOUS_MOVE = YES;
				CLANG_WARN_UNGUARDED_AVAILABILITY = YES_AGGRESSIVE;
				CLANG_WARN_UNREACHABLE_CODE = YES;
				CLANG_WARN__DUPLICATE_METHOD_MATCH = YES;
				COPY_PHASE_STRIP = NO;
				DEBUG_INFORMATION_FORMAT = "dwarf-with-dsym";
				ENABLE_NS_ASSERTIONS = NO;
				ENABLE_STRICT_OBJC_MSGSEND = YES;
				GCC_C_LANGUAGE_STANDARD = gnu11;
				GCC_NO_COMMON_BLOCKS = YES;
				GCC_WARN_64_TO_32_BIT_CONVERSION = YES;
				GCC_WARN_ABOUT_RETURN_TYPE = YES_ERROR;
				GCC_WARN_UNDECLARED_SELECTOR = YES;
				GCC_WARN_UNINITIALIZED_AUTOS = YES_AGGRESSIVE;
				GCC_WARN_UNUSED_FUNCTION = YES;
				GCC_WARN_UNUSED_VARIABLE = YES;
				IPHONEOS_DEPLOYMENT_TARGET = 15.5;
				MTL_ENABLE_DEBUG_INFO = NO;
				MTL_FAST_MATH = YES;
				SDKROOT = iphoneos;
				SWIFT_COMPILATION_MODE = wholemodule;
				SWIFT_OPTIMIZATION_LEVEL = "-O";
				VALIDATE_PRODUCT = YES;
			};
			name = Release;
		};
		7FEFAB5928C82EA00078F00D /* Debug */ = {
			isa = XCBuildConfiguration;
			buildSettings = {
				ALWAYS_EMBED_SWIFT_STANDARD_LIBRARIES = YES;
				ASSETCATALOG_COMPILER_APPICON_NAME = AppIcon;
				ASSETCATALOG_COMPILER_GLOBAL_ACCENT_COLOR_NAME = AccentColor;
				CODE_SIGN_STYLE = Automatic;
				CURRENT_PROJECT_VERSION = 1;
				DEVELOPMENT_ASSET_PATHS = "\"Devote/Preview Content\"";
				DEVELOPMENT_TEAM = S835D7TLF4;
				ENABLE_PREVIEWS = YES;
				GENERATE_INFOPLIST_FILE = YES;
				INFOPLIST_FILE = Devote/Info.plist;
				INFOPLIST_KEY_UIApplicationSceneManifest_Generation = YES;
				INFOPLIST_KEY_UIApplicationSupportsIndirectInputEvents = YES;
				INFOPLIST_KEY_UISupportedInterfaceOrientations = UIInterfaceOrientationPortrait;
				INFOPLIST_KEY_UISupportedInterfaceOrientations_iPad = "UIInterfaceOrientationPortrait UIInterfaceOrientationPortraitUpsideDown UIInterfaceOrientationLandscapeLeft UIInterfaceOrientationLandscapeRight";
				INFOPLIST_KEY_UISupportedInterfaceOrientations_iPhone = "UIInterfaceOrientationPortrait UIInterfaceOrientationLandscapeLeft UIInterfaceOrientationLandscapeRight";
				LD_RUNPATH_SEARCH_PATHS = (
					"$(inherited)",
					"@executable_path/Frameworks",
				);
				MARKETING_VERSION = 1.0;
				PRODUCT_BUNDLE_IDENTIFIER = azurduy.com.Devote;
				PRODUCT_NAME = "$(TARGET_NAME)";
				SWIFT_EMIT_LOC_STRINGS = YES;
				SWIFT_VERSION = 5.0;
				TARGETED_DEVICE_FAMILY = "1,2";
			};
			name = Debug;
		};
		7FEFAB5A28C82EA00078F00D /* Release */ = {
			isa = XCBuildConfiguration;
			buildSettings = {
				ALWAYS_EMBED_SWIFT_STANDARD_LIBRARIES = YES;
				ASSETCATALOG_COMPILER_APPICON_NAME = AppIcon;
				ASSETCATALOG_COMPILER_GLOBAL_ACCENT_COLOR_NAME = AccentColor;
				CODE_SIGN_STYLE = Automatic;
				CURRENT_PROJECT_VERSION = 1;
				DEVELOPMENT_ASSET_PATHS = "\"Devote/Preview Content\"";
				DEVELOPMENT_TEAM = S835D7TLF4;
				ENABLE_PREVIEWS = YES;
				GENERATE_INFOPLIST_FILE = YES;
				INFOPLIST_FILE = Devote/Info.plist;
				INFOPLIST_KEY_UIApplicationSceneManifest_Generation = YES;
				INFOPLIST_KEY_UIApplicationSupportsIndirectInputEvents = YES;
				INFOPLIST_KEY_UISupportedInterfaceOrientations = UIInterfaceOrientationPortrait;
				INFOPLIST_KEY_UISupportedInterfaceOrientations_iPad = "UIInterfaceOrientationPortrait UIInterfaceOrientationPortraitUpsideDown UIInterfaceOrientationLandscapeLeft UIInterfaceOrientationLandscapeRight";
				INFOPLIST_KEY_UISupportedInterfaceOrientations_iPhone = "UIInterfaceOrientationPortrait UIInterfaceOrientationLandscapeLeft UIInterfaceOrientationLandscapeRight";
				LD_RUNPATH_SEARCH_PATHS = (
					"$(inherited)",
					"@executable_path/Frameworks",
				);
				MARKETING_VERSION = 1.0;
				PRODUCT_BUNDLE_IDENTIFIER = azurduy.com.Devote;
				PRODUCT_NAME = "$(TARGET_NAME)";
				SWIFT_EMIT_LOC_STRINGS = YES;
				SWIFT_VERSION = 5.0;
				TARGETED_DEVICE_FAMILY = "1,2";
			};
			name = Release;
		};
/* End XCBuildConfiguration section */

/* Begin XCConfigurationList section */
		7F7C66E428D6D5C100D2D606 /* Build configuration list for PBXNativeTarget "DevoteWidgetExtension" */ = {
			isa = XCConfigurationList;
			buildConfigurations = (
				7F7C66E528D6D5C100D2D606 /* Debug */,
				7F7C66E628D6D5C100D2D606 /* Release */,
			);
			defaultConfigurationIsVisible = 0;
			defaultConfigurationName = Release;
		};
		7FEFAB4028C82E9E0078F00D /* Build configuration list for PBXProject "Devote" */ = {
			isa = XCConfigurationList;
			buildConfigurations = (
				7FEFAB5628C82EA00078F00D /* Debug */,
				7FEFAB5728C82EA00078F00D /* Release */,
			);
			defaultConfigurationIsVisible = 0;
			defaultConfigurationName = Release;
		};
		7FEFAB5828C82EA00078F00D /* Build configuration list for PBXNativeTarget "Devote" */ = {
			isa = XCConfigurationList;
			buildConfigurations = (
				7FEFAB5928C82EA00078F00D /* Debug */,
				7FEFAB5A28C82EA00078F00D /* Release */,
			);
			defaultConfigurationIsVisible = 0;
			defaultConfigurationName = Release;
		};
/* End XCConfigurationList section */

/* Begin XCVersionGroup section */
		7FEFAB5328C82EA00078F00D /* Devote.xcdatamodeld */ = {
			isa = XCVersionGroup;
			children = (
				7FEFAB5428C82EA00078F00D /* Devote.xcdatamodel */,
			);
			currentVersion = 7FEFAB5428C82EA00078F00D /* Devote.xcdatamodel */;
			path = Devote.xcdatamodeld;
			sourceTree = "<group>";
			versionGroupType = wrapper.xcdatamodel;
		};
/* End XCVersionGroup section */
	};
	rootObject = 7FEFAB3D28C82E9E0078F00D /* Project object */;
}
