// !$*UTF8*$!
{
	archiveVersion = 1;
	classes = {
	};
	objectVersion = 55;
	objects = {

/* Begin PBXBuildFile section */
		7F080B3428B67B4D00CDEA5D /* AfricaApp.swift in Sources */ = {isa = PBXBuildFile; fileRef = 7F080B3328B67B4D00CDEA5D /* AfricaApp.swift */; };
		7F080B3628B67B4D00CDEA5D /* ContentView.swift in Sources */ = {isa = PBXBuildFile; fileRef = 7F080B3528B67B4D00CDEA5D /* ContentView.swift */; };
		7F080B3828B67B4F00CDEA5D /* Assets.xcassets in Resources */ = {isa = PBXBuildFile; fileRef = 7F080B3728B67B4F00CDEA5D /* Assets.xcassets */; };
		7F080B3B28B67B4F00CDEA5D /* Preview Assets.xcassets in Resources */ = {isa = PBXBuildFile; fileRef = 7F080B3A28B67B4F00CDEA5D /* Preview Assets.xcassets */; };
		7F080B4C28B67D0100CDEA5D /* lioness.mp4 in Resources */ = {isa = PBXBuildFile; fileRef = 7F080B4328B67CE400CDEA5D /* lioness.mp4 */; };
		7F080B4D28B67D0100CDEA5D /* gorilla.mp4 in Resources */ = {isa = PBXBuildFile; fileRef = 7F080B4A28B67CE700CDEA5D /* gorilla.mp4 */; };
		7F080B4E28B67D0100CDEA5D /* lion.mp4 in Resources */ = {isa = PBXBuildFile; fileRef = 7F080B4628B67CE500CDEA5D /* lion.mp4 */; };
		7F080B4F28B67D0100CDEA5D /* elephant.mp4 in Resources */ = {isa = PBXBuildFile; fileRef = 7F080B4428B67CE400CDEA5D /* elephant.mp4 */; };
		7F080B5028B67D0100CDEA5D /* cheetah.mp4 in Resources */ = {isa = PBXBuildFile; fileRef = 7F080B4728B67CE500CDEA5D /* cheetah.mp4 */; };
		7F080B5128B67D0100CDEA5D /* zebra.mp4 in Resources */ = {isa = PBXBuildFile; fileRef = 7F080B4B28B67CE800CDEA5D /* zebra.mp4 */; };
		7F080B5228B67D0100CDEA5D /* rhino.mp4 in Resources */ = {isa = PBXBuildFile; fileRef = 7F080B4228B67CE300CDEA5D /* rhino.mp4 */; };
		7F080B5328B67D0100CDEA5D /* hippo.mp4 in Resources */ = {isa = PBXBuildFile; fileRef = 7F080B4828B67CE600CDEA5D /* hippo.mp4 */; };
		7F080B5428B67D0100CDEA5D /* giraffe.mp4 in Resources */ = {isa = PBXBuildFile; fileRef = 7F080B4928B67CE600CDEA5D /* giraffe.mp4 */; };
		7F080B5528B67D0100CDEA5D /* ostrich.mp4 in Resources */ = {isa = PBXBuildFile; fileRef = 7F080B4528B67CE500CDEA5D /* ostrich.mp4 */; };
		7F080B5B28B67D3000CDEA5D /* animals.json in Resources */ = {isa = PBXBuildFile; fileRef = 7F080B5728B67D2F00CDEA5D /* animals.json */; };
		7F080B5C28B67D3000CDEA5D /* locations.json in Resources */ = {isa = PBXBuildFile; fileRef = 7F080B5828B67D3000CDEA5D /* locations.json */; };
		7F080B5D28B67D3000CDEA5D /* covers.json in Resources */ = {isa = PBXBuildFile; fileRef = 7F080B5928B67D3000CDEA5D /* covers.json */; };
		7F080B5E28B67D3000CDEA5D /* videos.json in Resources */ = {isa = PBXBuildFile; fileRef = 7F080B5A28B67D3000CDEA5D /* videos.json */; };
		7F080B6228B6804700CDEA5D /* VideoListView.swift in Sources */ = {isa = PBXBuildFile; fileRef = 7F080B6128B6804700CDEA5D /* VideoListView.swift */; };
		7F080B6428B6806500CDEA5D /* MapView.swift in Sources */ = {isa = PBXBuildFile; fileRef = 7F080B6328B6806500CDEA5D /* MapView.swift */; };
		7F080B6628B6807500CDEA5D /* MainView.swift in Sources */ = {isa = PBXBuildFile; fileRef = 7F080B6528B6807500CDEA5D /* MainView.swift */; };
		7F080B6828B6808C00CDEA5D /* GalleryView.swift in Sources */ = {isa = PBXBuildFile; fileRef = 7F080B6728B6808C00CDEA5D /* GalleryView.swift */; };
		7F080B6B28B6843B00CDEA5D /* CoverImageView.swift in Sources */ = {isa = PBXBuildFile; fileRef = 7F080B6A28B6843B00CDEA5D /* CoverImageView.swift */; };
		7F080B6E28B685D300CDEA5D /* CoverImage.swift in Sources */ = {isa = PBXBuildFile; fileRef = 7F080B6D28B685D300CDEA5D /* CoverImage.swift */; };
/* End PBXBuildFile section */

/* Begin PBXFileReference section */
		7F080B3028B67B4D00CDEA5D /* Africa.app */ = {isa = PBXFileReference; explicitFileType = wrapper.application; includeInIndex = 0; path = Africa.app; sourceTree = BUILT_PRODUCTS_DIR; };
		7F080B3328B67B4D00CDEA5D /* AfricaApp.swift */ = {isa = PBXFileReference; lastKnownFileType = sourcecode.swift; path = AfricaApp.swift; sourceTree = "<group>"; };
		7F080B3528B67B4D00CDEA5D /* ContentView.swift */ = {isa = PBXFileReference; lastKnownFileType = sourcecode.swift; path = ContentView.swift; sourceTree = "<group>"; };
		7F080B3728B67B4F00CDEA5D /* Assets.xcassets */ = {isa = PBXFileReference; lastKnownFileType = folder.assetcatalog; path = Assets.xcassets; sourceTree = "<group>"; };
		7F080B3A28B67B4F00CDEA5D /* Preview Assets.xcassets */ = {isa = PBXFileReference; lastKnownFileType = folder.assetcatalog; path = "Preview Assets.xcassets"; sourceTree = "<group>"; };
		7F080B4228B67CE300CDEA5D /* rhino.mp4 */ = {isa = PBXFileReference; lastKnownFileType = file; path = rhino.mp4; sourceTree = "<group>"; };
		7F080B4328B67CE400CDEA5D /* lioness.mp4 */ = {isa = PBXFileReference; lastKnownFileType = file; path = lioness.mp4; sourceTree = "<group>"; };
		7F080B4428B67CE400CDEA5D /* elephant.mp4 */ = {isa = PBXFileReference; lastKnownFileType = file; path = elephant.mp4; sourceTree = "<group>"; };
		7F080B4528B67CE500CDEA5D /* ostrich.mp4 */ = {isa = PBXFileReference; lastKnownFileType = file; path = ostrich.mp4; sourceTree = "<group>"; };
		7F080B4628B67CE500CDEA5D /* lion.mp4 */ = {isa = PBXFileReference; lastKnownFileType = file; path = lion.mp4; sourceTree = "<group>"; };
		7F080B4728B67CE500CDEA5D /* cheetah.mp4 */ = {isa = PBXFileReference; lastKnownFileType = file; path = cheetah.mp4; sourceTree = "<group>"; };
		7F080B4828B67CE600CDEA5D /* hippo.mp4 */ = {isa = PBXFileReference; lastKnownFileType = file; path = hippo.mp4; sourceTree = "<group>"; };
		7F080B4928B67CE600CDEA5D /* giraffe.mp4 */ = {isa = PBXFileReference; lastKnownFileType = file; path = giraffe.mp4; sourceTree = "<group>"; };
		7F080B4A28B67CE700CDEA5D /* gorilla.mp4 */ = {isa = PBXFileReference; lastKnownFileType = file; path = gorilla.mp4; sourceTree = "<group>"; };
		7F080B4B28B67CE800CDEA5D /* zebra.mp4 */ = {isa = PBXFileReference; lastKnownFileType = file; path = zebra.mp4; sourceTree = "<group>"; };
		7F080B5728B67D2F00CDEA5D /* animals.json */ = {isa = PBXFileReference; fileEncoding = 4; lastKnownFileType = text.json; path = animals.json; sourceTree = "<group>"; };
		7F080B5828B67D3000CDEA5D /* locations.json */ = {isa = PBXFileReference; fileEncoding = 4; lastKnownFileType = text.json; path = locations.json; sourceTree = "<group>"; };
		7F080B5928B67D3000CDEA5D /* covers.json */ = {isa = PBXFileReference; fileEncoding = 4; lastKnownFileType = text.json; path = covers.json; sourceTree = "<group>"; };
		7F080B5A28B67D3000CDEA5D /* videos.json */ = {isa = PBXFileReference; fileEncoding = 4; lastKnownFileType = text.json; path = videos.json; sourceTree = "<group>"; };
		7F080B5F28B67ECC00CDEA5D /* Info.plist */ = {isa = PBXFileReference; lastKnownFileType = text.plist; path = Info.plist; sourceTree = "<group>"; };
		7F080B6128B6804700CDEA5D /* VideoListView.swift */ = {isa = PBXFileReference; lastKnownFileType = sourcecode.swift; path = VideoListView.swift; sourceTree = "<group>"; };
		7F080B6328B6806500CDEA5D /* MapView.swift */ = {isa = PBXFileReference; lastKnownFileType = sourcecode.swift; path = MapView.swift; sourceTree = "<group>"; };
		7F080B6528B6807500CDEA5D /* MainView.swift */ = {isa = PBXFileReference; lastKnownFileType = sourcecode.swift; path = MainView.swift; sourceTree = "<group>"; };
		7F080B6728B6808C00CDEA5D /* GalleryView.swift */ = {isa = PBXFileReference; lastKnownFileType = sourcecode.swift; path = GalleryView.swift; sourceTree = "<group>"; };
		7F080B6A28B6843B00CDEA5D /* CoverImageView.swift */ = {isa = PBXFileReference; lastKnownFileType = sourcecode.swift; path = CoverImageView.swift; sourceTree = "<group>"; };
		7F080B6D28B685D300CDEA5D /* CoverImage.swift */ = {isa = PBXFileReference; lastKnownFileType = sourcecode.swift; path = CoverImage.swift; sourceTree = "<group>"; };
/* End PBXFileReference section */

/* Begin PBXFrameworksBuildPhase section */
		7F080B2D28B67B4D00CDEA5D /* Frameworks */ = {
			isa = PBXFrameworksBuildPhase;
			buildActionMask = 2147483647;
			files = (
			);
			runOnlyForDeploymentPostprocessing = 0;
		};
/* End PBXFrameworksBuildPhase section */

/* Begin PBXGroup section */
		7F080B2728B67B4D00CDEA5D = {
			isa = PBXGroup;
			children = (
				7F080B3228B67B4D00CDEA5D /* Africa */,
				7F080B3128B67B4D00CDEA5D /* Products */,
			);
			sourceTree = "<group>";
		};
		7F080B3128B67B4D00CDEA5D /* Products */ = {
			isa = PBXGroup;
			children = (
				7F080B3028B67B4D00CDEA5D /* Africa.app */,
			);
			name = Products;
			sourceTree = "<group>";
		};
		7F080B3228B67B4D00CDEA5D /* Africa */ = {
			isa = PBXGroup;
			children = (
				7F080B6F28B6863400CDEA5D /* ViewModel */,
				7F080B6C28B685C500CDEA5D /* Model */,
				7F080B6928B6842700CDEA5D /* View */,
				7F080B5F28B67ECC00CDEA5D /* Info.plist */,
				7F080B5628B67D1B00CDEA5D /* Data */,
				7F080B4128B67CD100CDEA5D /* Video */,
				7F080B6028B6800600CDEA5D /* App */,
				7F080B3728B67B4F00CDEA5D /* Assets.xcassets */,
				7F080B3928B67B4F00CDEA5D /* Preview Content */,
			);
			path = Africa;
			sourceTree = "<group>";
		};
		7F080B3928B67B4F00CDEA5D /* Preview Content */ = {
			isa = PBXGroup;
			children = (
				7F080B3A28B67B4F00CDEA5D /* Preview Assets.xcassets */,
			);
			path = "Preview Content";
			sourceTree = "<group>";
		};
		7F080B4128B67CD100CDEA5D /* Video */ = {
			isa = PBXGroup;
			children = (
				7F080B4728B67CE500CDEA5D /* cheetah.mp4 */,
				7F080B4428B67CE400CDEA5D /* elephant.mp4 */,
				7F080B4928B67CE600CDEA5D /* giraffe.mp4 */,
				7F080B4A28B67CE700CDEA5D /* gorilla.mp4 */,
				7F080B4828B67CE600CDEA5D /* hippo.mp4 */,
				7F080B4628B67CE500CDEA5D /* lion.mp4 */,
				7F080B4328B67CE400CDEA5D /* lioness.mp4 */,
				7F080B4528B67CE500CDEA5D /* ostrich.mp4 */,
				7F080B4228B67CE300CDEA5D /* rhino.mp4 */,
				7F080B4B28B67CE800CDEA5D /* zebra.mp4 */,
			);
			path = Video;
			sourceTree = "<group>";
		};
		7F080B5628B67D1B00CDEA5D /* Data */ = {
			isa = PBXGroup;
			children = (
				7F080B5728B67D2F00CDEA5D /* animals.json */,
				7F080B5928B67D3000CDEA5D /* covers.json */,
				7F080B5828B67D3000CDEA5D /* locations.json */,
				7F080B5A28B67D3000CDEA5D /* videos.json */,
			);
			path = Data;
			sourceTree = "<group>";
		};
		7F080B6028B6800600CDEA5D /* App */ = {
			isa = PBXGroup;
			children = (
				7F080B3328B67B4D00CDEA5D /* AfricaApp.swift */,
				7F080B3528B67B4D00CDEA5D /* ContentView.swift */,
				7F080B6128B6804700CDEA5D /* VideoListView.swift */,
				7F080B6328B6806500CDEA5D /* MapView.swift */,
				7F080B6528B6807500CDEA5D /* MainView.swift */,
				7F080B6728B6808C00CDEA5D /* GalleryView.swift */,
			);
			path = App;
			sourceTree = "<group>";
		};
		7F080B6928B6842700CDEA5D /* View */ = {
			isa = PBXGroup;
			children = (
				7F080B6A28B6843B00CDEA5D /* CoverImageView.swift */,
			);
			path = View;
			sourceTree = "<group>";
		};
		7F080B6C28B685C500CDEA5D /* Model */ = {
			isa = PBXGroup;
			children = (
				7F080B6D28B685D300CDEA5D /* CoverImage.swift */,
			);
			path = Model;
			sourceTree = "<group>";
		};
		7F080B6F28B6863400CDEA5D /* ViewModel */ = {
			isa = PBXGroup;
			children = (
			);
			path = ViewModel;
			sourceTree = "<group>";
		};
/* End PBXGroup section */

/* Begin PBXNativeTarget section */
		7F080B2F28B67B4D00CDEA5D /* Africa */ = {
			isa = PBXNativeTarget;
			buildConfigurationList = 7F080B3E28B67B4F00CDEA5D /* Build configuration list for PBXNativeTarget "Africa" */;
			buildPhases = (
				7F080B2C28B67B4D00CDEA5D /* Sources */,
				7F080B2D28B67B4D00CDEA5D /* Frameworks */,
				7F080B2E28B67B4D00CDEA5D /* Resources */,
			);
			buildRules = (
			);
			dependencies = (
			);
			name = Africa;
			productName = Africa;
			productReference = 7F080B3028B67B4D00CDEA5D /* Africa.app */;
			productType = "com.apple.product-type.application";
		};
/* End PBXNativeTarget section */

/* Begin PBXProject section */
		7F080B2828B67B4D00CDEA5D /* Project object */ = {
			isa = PBXProject;
			attributes = {
				BuildIndependentTargetsInParallel = 1;
				LastSwiftUpdateCheck = 1340;
				LastUpgradeCheck = 1340;
				TargetAttributes = {
					7F080B2F28B67B4D00CDEA5D = {
						CreatedOnToolsVersion = 13.4.1;
					};
				};
			};
			buildConfigurationList = 7F080B2B28B67B4D00CDEA5D /* Build configuration list for PBXProject "Africa" */;
			compatibilityVersion = "Xcode 13.0";
			developmentRegion = en;
			hasScannedForEncodings = 0;
			knownRegions = (
				en,
				Base,
			);
			mainGroup = 7F080B2728B67B4D00CDEA5D;
			productRefGroup = 7F080B3128B67B4D00CDEA5D /* Products */;
			projectDirPath = "";
			projectRoot = "";
			targets = (
				7F080B2F28B67B4D00CDEA5D /* Africa */,
			);
		};
/* End PBXProject section */

/* Begin PBXResourcesBuildPhase section */
		7F080B2E28B67B4D00CDEA5D /* Resources */ = {
			isa = PBXResourcesBuildPhase;
			buildActionMask = 2147483647;
			files = (
				7F080B5C28B67D3000CDEA5D /* locations.json in Resources */,
				7F080B5328B67D0100CDEA5D /* hippo.mp4 in Resources */,
				7F080B4D28B67D0100CDEA5D /* gorilla.mp4 in Resources */,
				7F080B3B28B67B4F00CDEA5D /* Preview Assets.xcassets in Resources */,
				7F080B4F28B67D0100CDEA5D /* elephant.mp4 in Resources */,
				7F080B5228B67D0100CDEA5D /* rhino.mp4 in Resources */,
				7F080B3828B67B4F00CDEA5D /* Assets.xcassets in Resources */,
				7F080B5528B67D0100CDEA5D /* ostrich.mp4 in Resources */,
				7F080B5B28B67D3000CDEA5D /* animals.json in Resources */,
				7F080B5428B67D0100CDEA5D /* giraffe.mp4 in Resources */,
				7F080B5D28B67D3000CDEA5D /* covers.json in Resources */,
				7F080B5128B67D0100CDEA5D /* zebra.mp4 in Resources */,
				7F080B4E28B67D0100CDEA5D /* lion.mp4 in Resources */,
				7F080B5E28B67D3000CDEA5D /* videos.json in Resources */,
				7F080B4C28B67D0100CDEA5D /* lioness.mp4 in Resources */,
				7F080B5028B67D0100CDEA5D /* cheetah.mp4 in Resources */,
			);
			runOnlyForDeploymentPostprocessing = 0;
		};
/* End PBXResourcesBuildPhase section */

/* Begin PBXSourcesBuildPhase section */
		7F080B2C28B67B4D00CDEA5D /* Sources */ = {
			isa = PBXSourcesBuildPhase;
			buildActionMask = 2147483647;
			files = (
				7F080B3628B67B4D00CDEA5D /* ContentView.swift in Sources */,
				7F080B6828B6808C00CDEA5D /* GalleryView.swift in Sources */,
				7F080B6B28B6843B00CDEA5D /* CoverImageView.swift in Sources */,
				7F080B6428B6806500CDEA5D /* MapView.swift in Sources */,
				7F080B3428B67B4D00CDEA5D /* AfricaApp.swift in Sources */,
				7F080B6E28B685D300CDEA5D /* CoverImage.swift in Sources */,
				7F080B6628B6807500CDEA5D /* MainView.swift in Sources */,
				7F080B6228B6804700CDEA5D /* VideoListView.swift in Sources */,
			);
			runOnlyForDeploymentPostprocessing = 0;
		};
/* End PBXSourcesBuildPhase section */

/* Begin XCBuildConfiguration section */
		7F080B3C28B67B4F00CDEA5D /* Debug */ = {
			isa = XCBuildConfiguration;
			buildSettings = {
				ALWAYS_SEARCH_USER_PATHS = NO;
				CLANG_ANALYZER_NONNULL = YES;
				CLANG_ANALYZER_NUMBER_OBJECT_CONVERSION = YES_AGGRESSIVE;
				CLANG_CXX_LANGUAGE_STANDARD = "gnu++17";
				CLANG_ENABLE_MODULES = YES;
				CLANG_ENABLE_OBJC_ARC = YES;
				CLANG_ENABLE_OBJC_WEAK = YES;
				CLANG_WARN_BLOCK_CAPTURE_AUTORELEASING = YES;
				CLANG_WARN_BOOL_CONVERSION = YES;
				CLANG_WARN_COMMA = YES;
				CLANG_WARN_CONSTANT_CONVERSION = YES;
				CLANG_WARN_DEPRECATED_OBJC_IMPLEMENTATIONS = YES;
				CLANG_WARN_DIRECT_OBJC_ISA_USAGE = YES_ERROR;
				CLANG_WARN_DOCUMENTATION_COMMENTS = YES;
				CLANG_WARN_EMPTY_BODY = YES;
				CLANG_WARN_ENUM_CONVERSION = YES;
				CLANG_WARN_INFINITE_RECURSION = YES;
				CLANG_WARN_INT_CONVERSION = YES;
				CLANG_WARN_NON_LITERAL_NULL_CONVERSION = YES;
				CLANG_WARN_OBJC_IMPLICIT_RETAIN_SELF = YES;
				CLANG_WARN_OBJC_LITERAL_CONVERSION = YES;
				CLANG_WARN_OBJC_ROOT_CLASS = YES_ERROR;
				CLANG_WARN_QUOTED_INCLUDE_IN_FRAMEWORK_HEADER = YES;
				CLANG_WARN_RANGE_LOOP_ANALYSIS = YES;
				CLANG_WARN_STRICT_PROTOTYPES = YES;
				CLANG_WARN_SUSPICIOUS_MOVE = YES;
				CLANG_WARN_UNGUARDED_AVAILABILITY = YES_AGGRESSIVE;
				CLANG_WARN_UNREACHABLE_CODE = YES;
				CLANG_WARN__DUPLICATE_METHOD_MATCH = YES;
				COPY_PHASE_STRIP = NO;
				DEBUG_INFORMATION_FORMAT = dwarf;
				ENABLE_STRICT_OBJC_MSGSEND = YES;
				ENABLE_TESTABILITY = YES;
				GCC_C_LANGUAGE_STANDARD = gnu11;
				GCC_DYNAMIC_NO_PIC = NO;
				GCC_NO_COMMON_BLOCKS = YES;
				GCC_OPTIMIZATION_LEVEL = 0;
				GCC_PREPROCESSOR_DEFINITIONS = (
					"DEBUG=1",
					"$(inherited)",
				);
				GCC_WARN_64_TO_32_BIT_CONVERSION = YES;
				GCC_WARN_ABOUT_RETURN_TYPE = YES_ERROR;
				GCC_WARN_UNDECLARED_SELECTOR = YES;
				GCC_WARN_UNINITIALIZED_AUTOS = YES_AGGRESSIVE;
				GCC_WARN_UNUSED_FUNCTION = YES;
				GCC_WARN_UNUSED_VARIABLE = YES;
				IPHONEOS_DEPLOYMENT_TARGET = 15.5;
				MTL_ENABLE_DEBUG_INFO = INCLUDE_SOURCE;
				MTL_FAST_MATH = YES;
				ONLY_ACTIVE_ARCH = YES;
				SDKROOT = iphoneos;
				SWIFT_ACTIVE_COMPILATION_CONDITIONS = DEBUG;
				SWIFT_OPTIMIZATION_LEVEL = "-Onone";
			};
			name = Debug;
		};
		7F080B3D28B67B4F00CDEA5D /* Release */ = {
			isa = XCBuildConfiguration;
			buildSettings = {
				ALWAYS_SEARCH_USER_PATHS = NO;
				CLANG_ANALYZER_NONNULL = YES;
				CLANG_ANALYZER_NUMBER_OBJECT_CONVERSION = YES_AGGRESSIVE;
				CLANG_CXX_LANGUAGE_STANDARD = "gnu++17";
				CLANG_ENABLE_MODULES = YES;
				CLANG_ENABLE_OBJC_ARC = YES;
				CLANG_ENABLE_OBJC_WEAK = YES;
				CLANG_WARN_BLOCK_CAPTURE_AUTORELEASING = YES;
				CLANG_WARN_BOOL_CONVERSION = YES;
				CLANG_WARN_COMMA = YES;
				CLANG_WARN_CONSTANT_CONVERSION = YES;
				CLANG_WARN_DEPRECATED_OBJC_IMPLEMENTATIONS = YES;
				CLANG_WARN_DIRECT_OBJC_ISA_USAGE = YES_ERROR;
				CLANG_WARN_DOCUMENTATION_COMMENTS = YES;
				CLANG_WARN_EMPTY_BODY = YES;
				CLANG_WARN_ENUM_CONVERSION = YES;
				CLANG_WARN_INFINITE_RECURSION = YES;
				CLANG_WARN_INT_CONVERSION = YES;
				CLANG_WARN_NON_LITERAL_NULL_CONVERSION = YES;
				CLANG_WARN_OBJC_IMPLICIT_RETAIN_SELF = YES;
				CLANG_WARN_OBJC_LITERAL_CONVERSION = YES;
				CLANG_WARN_OBJC_ROOT_CLASS = YES_ERROR;
				CLANG_WARN_QUOTED_INCLUDE_IN_FRAMEWORK_HEADER = YES;
				CLANG_WARN_RANGE_LOOP_ANALYSIS = YES;
				CLANG_WARN_STRICT_PROTOTYPES = YES;
				CLANG_WARN_SUSPICIOUS_MOVE = YES;
				CLANG_WARN_UNGUARDED_AVAILABILITY = YES_AGGRESSIVE;
				CLANG_WARN_UNREACHABLE_CODE = YES;
				CLANG_WARN__DUPLICATE_METHOD_MATCH = YES;
				COPY_PHASE_STRIP = NO;
				DEBUG_INFORMATION_FORMAT = "dwarf-with-dsym";
				ENABLE_NS_ASSERTIONS = NO;
				ENABLE_STRICT_OBJC_MSGSEND = YES;
				GCC_C_LANGUAGE_STANDARD = gnu11;
				GCC_NO_COMMON_BLOCKS = YES;
				GCC_WARN_64_TO_32_BIT_CONVERSION = YES;
				GCC_WARN_ABOUT_RETURN_TYPE = YES_ERROR;
				GCC_WARN_UNDECLARED_SELECTOR = YES;
				GCC_WARN_UNINITIALIZED_AUTOS = YES_AGGRESSIVE;
				GCC_WARN_UNUSED_FUNCTION = YES;
				GCC_WARN_UNUSED_VARIABLE = YES;
				IPHONEOS_DEPLOYMENT_TARGET = 15.5;
				MTL_ENABLE_DEBUG_INFO = NO;
				MTL_FAST_MATH = YES;
				SDKROOT = iphoneos;
				SWIFT_COMPILATION_MODE = wholemodule;
				SWIFT_OPTIMIZATION_LEVEL = "-O";
				VALIDATE_PRODUCT = YES;
			};
			name = Release;
		};
		7F080B3F28B67B4F00CDEA5D /* Debug */ = {
			isa = XCBuildConfiguration;
			buildSettings = {
				ASSETCATALOG_COMPILER_APPICON_NAME = AppIcon;
				ASSETCATALOG_COMPILER_GLOBAL_ACCENT_COLOR_NAME = AccentColor;
				CODE_SIGN_STYLE = Automatic;
				CURRENT_PROJECT_VERSION = 1;
				DEVELOPMENT_ASSET_PATHS = "\"Africa/Preview Content\"";
				DEVELOPMENT_TEAM = S835D7TLF4;
				ENABLE_PREVIEWS = YES;
				GENERATE_INFOPLIST_FILE = YES;
				INFOPLIST_FILE = Africa/Info.plist;
				INFOPLIST_KEY_UIApplicationSceneManifest_Generation = YES;
				INFOPLIST_KEY_UIApplicationSupportsIndirectInputEvents = YES;
				INFOPLIST_KEY_UISupportedInterfaceOrientations = "";
				INFOPLIST_KEY_UISupportedInterfaceOrientations_iPad = "UIInterfaceOrientationPortrait UIInterfaceOrientationPortraitUpsideDown UIInterfaceOrientationLandscapeLeft UIInterfaceOrientationLandscapeRight";
				INFOPLIST_KEY_UISupportedInterfaceOrientations_iPhone = "UIInterfaceOrientationPortrait UIInterfaceOrientationLandscapeLeft UIInterfaceOrientationLandscapeRight";
				INFOPLIST_KEY_UIUserInterfaceStyle = Dark;
				LD_RUNPATH_SEARCH_PATHS = (
					"$(inherited)",
					"@executable_path/Frameworks",
				);
				MARKETING_VERSION = 1.0;
				PRODUCT_BUNDLE_IDENTIFIER = azurduy.com.Africa;
				PRODUCT_NAME = "$(TARGET_NAME)";
				SWIFT_EMIT_LOC_STRINGS = YES;
				SWIFT_VERSION = 5.0;
				TARGETED_DEVICE_FAMILY = "1,2";
			};
			name = Debug;
		};
		7F080B4028B67B4F00CDEA5D /* Release */ = {
			isa = XCBuildConfiguration;
			buildSettings = {
				ASSETCATALOG_COMPILER_APPICON_NAME = AppIcon;
				ASSETCATALOG_COMPILER_GLOBAL_ACCENT_COLOR_NAME = AccentColor;
				CODE_SIGN_STYLE = Automatic;
				CURRENT_PROJECT_VERSION = 1;
				DEVELOPMENT_ASSET_PATHS = "\"Africa/Preview Content\"";
				DEVELOPMENT_TEAM = S835D7TLF4;
				ENABLE_PREVIEWS = YES;
				GENERATE_INFOPLIST_FILE = YES;
				INFOPLIST_FILE = Africa/Info.plist;
				INFOPLIST_KEY_UIApplicationSceneManifest_Generation = YES;
				INFOPLIST_KEY_UIApplicationSupportsIndirectInputEvents = YES;
				INFOPLIST_KEY_UISupportedInterfaceOrientations = "";
				INFOPLIST_KEY_UISupportedInterfaceOrientations_iPad = "UIInterfaceOrientationPortrait UIInterfaceOrientationPortraitUpsideDown UIInterfaceOrientationLandscapeLeft UIInterfaceOrientationLandscapeRight";
				INFOPLIST_KEY_UISupportedInterfaceOrientations_iPhone = "UIInterfaceOrientationPortrait UIInterfaceOrientationLandscapeLeft UIInterfaceOrientationLandscapeRight";
				INFOPLIST_KEY_UIUserInterfaceStyle = Dark;
				LD_RUNPATH_SEARCH_PATHS = (
					"$(inherited)",
					"@executable_path/Frameworks",
				);
				MARKETING_VERSION = 1.0;
				PRODUCT_BUNDLE_IDENTIFIER = azurduy.com.Africa;
				PRODUCT_NAME = "$(TARGET_NAME)";
				SWIFT_EMIT_LOC_STRINGS = YES;
				SWIFT_VERSION = 5.0;
				TARGETED_DEVICE_FAMILY = "1,2";
			};
			name = Release;
		};
/* End XCBuildConfiguration section */

/* Begin XCConfigurationList section */
		7F080B2B28B67B4D00CDEA5D /* Build configuration list for PBXProject "Africa" */ = {
			isa = XCConfigurationList;
			buildConfigurations = (
				7F080B3C28B67B4F00CDEA5D /* Debug */,
				7F080B3D28B67B4F00CDEA5D /* Release */,
			);
			defaultConfigurationIsVisible = 0;
			defaultConfigurationName = Release;
		};
		7F080B3E28B67B4F00CDEA5D /* Build configuration list for PBXNativeTarget "Africa" */ = {
			isa = XCConfigurationList;
			buildConfigurations = (
				7F080B3F28B67B4F00CDEA5D /* Debug */,
				7F080B4028B67B4F00CDEA5D /* Release */,
			);
			defaultConfigurationIsVisible = 0;
			defaultConfigurationName = Release;
		};
/* End XCConfigurationList section */
	};
	rootObject = 7F080B2828B67B4D00CDEA5D /* Project object */;
}
